// !$*UTF8*$!
{
	archiveVersion = 1;
	classes = {
	};
	objectVersion = 70;
	objects = {

/* Begin PBXBuildFile section */
		080EDEFB21B6DA7E00813479 /* EssentialFeed.framework in Frameworks */ = {isa = PBXBuildFile; fileRef = 080EDEF121B6DA7E00813479 /* EssentialFeed.framework */; };
		080EDF0C21B6DAE800813479 /* FeedImage.swift in Sources */ = {isa = PBXBuildFile; fileRef = 080EDF0B21B6DAE800813479 /* FeedImage.swift */; };
		080EDF0E21B6DCB600813479 /* FeedLoader.swift in Sources */ = {isa = PBXBuildFile; fileRef = 080EDF0D21B6DCB600813479 /* FeedLoader.swift */; };
		4E03E9B72D65070900717B0B /* EssentialFeediOS.framework in Frameworks */ = {isa = PBXBuildFile; fileRef = 4E03E9AD2D65070800717B0B /* EssentialFeediOS.framework */; };
		4E1922972D5B6EEE00891371 /* CoreDataFeedStoreTests.swift in Sources */ = {isa = PBXBuildFile; fileRef = 4E1922962D5B6EEA00891371 /* CoreDataFeedStoreTests.swift */; };
		4E1923972D5BAC1700891371 /* EssentialFeed.framework in Frameworks */ = {isa = PBXBuildFile; fileRef = 080EDEF121B6DA7E00813479 /* EssentialFeed.framework */; };
		4E3DF4AC2D3AA33C009E413A /* EssentialFeed.framework in Frameworks */ = {isa = PBXBuildFile; fileRef = 080EDEF121B6DA7E00813479 /* EssentialFeed.framework */; };
		4E3DF4DC2D49173C009E413A /* CacheFeedUseCaseTests.swift in Sources */ = {isa = PBXBuildFile; fileRef = 4E3DF4DB2D49173C009E413A /* CacheFeedUseCaseTests.swift */; };
		4E3DF4ED2D4CD12C009E413A /* LoadFeedFromCacheUseCaseTests.swift in Sources */ = {isa = PBXBuildFile; fileRef = 4E3DF4EC2D4CD12C009E413A /* LoadFeedFromCacheUseCaseTests.swift */; };
		4E3DF4F22D523626009E413A /* ValidateFeedCacheUseCaseTests.swift in Sources */ = {isa = PBXBuildFile; fileRef = 4E3DF4F12D52361E009E413A /* ValidateFeedCacheUseCaseTests.swift */; };
		4E6598982D6648B20054F381 /* EssentialFeed.framework in Frameworks */ = {isa = PBXBuildFile; fileRef = 080EDEF121B6DA7E00813479 /* EssentialFeed.framework */; platformFilter = ios; };
		4E6C34322D5A69FE003C5E8F /* FeedStoreSpecs.swift in Sources */ = {isa = PBXBuildFile; fileRef = 4E6C34312D5A69FE003C5E8F /* FeedStoreSpecs.swift */; };
		4E6C34342D5A6D05003C5E8F /* XCTestCase+FeedStoreSpecs.swift in Sources */ = {isa = PBXBuildFile; fileRef = 4E6C34332D5A6D05003C5E8F /* XCTestCase+FeedStoreSpecs.swift */; };
		4E6C345A2D5A9DC2003C5E8F /* XCTestCase+FailableRetrieveFeedStoreSpecs.swift in Sources */ = {isa = PBXBuildFile; fileRef = 4E6C34592D5A9DBA003C5E8F /* XCTestCase+FailableRetrieveFeedStoreSpecs.swift */; };
		4E6C345C2D5A9EA6003C5E8F /* XCTestCase+FailableInsertFeedStoreSpecs.swift in Sources */ = {isa = PBXBuildFile; fileRef = 4E6C345B2D5A9E9D003C5E8F /* XCTestCase+FailableInsertFeedStoreSpecs.swift */; };
		4E6C345E2D5A9F5A003C5E8F /* XCTestCase+FailableDeleteFeedStoreSpecs.swift in Sources */ = {isa = PBXBuildFile; fileRef = 4E6C345D2D5A9F57003C5E8F /* XCTestCase+FailableDeleteFeedStoreSpecs.swift */; };
		4EB98C552D95847A0048F8AC /* FeedPresenterTests.swift in Sources */ = {isa = PBXBuildFile; fileRef = 4EB98C542D9584760048F8AC /* FeedPresenterTests.swift */; };
		4EB98C5D2D96B14E0048F8AC /* FeedPresenter.swift in Sources */ = {isa = PBXBuildFile; fileRef = 4EB98C5C2D96B1480048F8AC /* FeedPresenter.swift */; };
		4EB98C5E2D96B4500048F8AC /* Feed.strings in Resources */ = {isa = PBXBuildFile; fileRef = 4EB98C562D96A8470048F8AC /* Feed.strings */; };
		4EB98C602D96BA0A0048F8AC /* FeedViewModel.swift in Sources */ = {isa = PBXBuildFile; fileRef = 4EB98C5F2D96BA0A0048F8AC /* FeedViewModel.swift */; };
		4EB98C622D96BF160048F8AC /* FeedLoadingViewModel.swift in Sources */ = {isa = PBXBuildFile; fileRef = 4EB98C612D96BF160048F8AC /* FeedLoadingViewModel.swift */; };
		4EB98C642D96BF720048F8AC /* FeedErrorViewModel.swift in Sources */ = {isa = PBXBuildFile; fileRef = 4EB98C632D96BF720048F8AC /* FeedErrorViewModel.swift */; };
		4EB98C662D96C66B0048F8AC /* FeedLocalizationTests.swift in Sources */ = {isa = PBXBuildFile; fileRef = 4EB98C322D956D630048F8AC /* FeedLocalizationTests.swift */; };
		4EB98C682D96EBC70048F8AC /* FeedImagePresenterTests.swift in Sources */ = {isa = PBXBuildFile; fileRef = 4EB98C672D96EBC70048F8AC /* FeedImagePresenterTests.swift */; };
		4EB98C6A2D96F4DF0048F8AC /* FeedImagePresenter.swift in Sources */ = {isa = PBXBuildFile; fileRef = 4EB98C692D96F4D30048F8AC /* FeedImagePresenter.swift */; };
		4EB98C6C2D96F6040048F8AC /* FeedImageViewModel.swift in Sources */ = {isa = PBXBuildFile; fileRef = 4EB98C6B2D96F6040048F8AC /* FeedImageViewModel.swift */; };
		4EB98C712D9AA30E0048F8AC /* FeedImageDataLoader.swift in Sources */ = {isa = PBXBuildFile; fileRef = 4EB98BFB2D956D630048F8AC /* FeedImageDataLoader.swift */; };
/* End PBXBuildFile section */

/* Begin PBXContainerItemProxy section */
		080EDEFC21B6DA7E00813479 /* PBXContainerItemProxy */ = {
			isa = PBXContainerItemProxy;
			containerPortal = 080EDEE821B6DA7E00813479 /* Project object */;
			proxyType = 1;
			remoteGlobalIDString = 080EDEF021B6DA7E00813479;
			remoteInfo = EssentialFeed;
		};
		4E03E9B82D65070900717B0B /* PBXContainerItemProxy */ = {
			isa = PBXContainerItemProxy;
			containerPortal = 080EDEE821B6DA7E00813479 /* Project object */;
			proxyType = 1;
			remoteGlobalIDString = 4E03E9AC2D65070800717B0B;
			remoteInfo = EssentialFeediOS;
		};
		4E1923982D5BAC1700891371 /* PBXContainerItemProxy */ = {
			isa = PBXContainerItemProxy;
			containerPortal = 080EDEE821B6DA7E00813479 /* Project object */;
			proxyType = 1;
			remoteGlobalIDString = 080EDEF021B6DA7E00813479;
			remoteInfo = EssentialFeed;
		};
		4E3DF4AD2D3AA33C009E413A /* PBXContainerItemProxy */ = {
			isa = PBXContainerItemProxy;
			containerPortal = 080EDEE821B6DA7E00813479 /* Project object */;
			proxyType = 1;
			remoteGlobalIDString = 080EDEF021B6DA7E00813479;
			remoteInfo = EssentialFeed;
		};
/* End PBXContainerItemProxy section */

/* Begin PBXFileReference section */
		080EDEF121B6DA7E00813479 /* EssentialFeed.framework */ = {isa = PBXFileReference; explicitFileType = wrapper.framework; includeInIndex = 0; path = EssentialFeed.framework; sourceTree = BUILT_PRODUCTS_DIR; };
		080EDEF521B6DA7E00813479 /* Info.plist */ = {isa = PBXFileReference; lastKnownFileType = text.plist.xml; path = Info.plist; sourceTree = "<group>"; };
		080EDEFA21B6DA7E00813479 /* EssentialFeedTests.xctest */ = {isa = PBXFileReference; explicitFileType = wrapper.cfbundle; includeInIndex = 0; path = EssentialFeedTests.xctest; sourceTree = BUILT_PRODUCTS_DIR; };
		080EDF0121B6DA7E00813479 /* Info.plist */ = {isa = PBXFileReference; lastKnownFileType = text.plist.xml; path = Info.plist; sourceTree = "<group>"; };
		080EDF0B21B6DAE800813479 /* FeedImage.swift */ = {isa = PBXFileReference; lastKnownFileType = sourcecode.swift; path = FeedImage.swift; sourceTree = "<group>"; };
		080EDF0D21B6DCB600813479 /* FeedLoader.swift */ = {isa = PBXFileReference; lastKnownFileType = sourcecode.swift; path = FeedLoader.swift; sourceTree = "<group>"; };
		4E03E9AD2D65070800717B0B /* EssentialFeediOS.framework */ = {isa = PBXFileReference; explicitFileType = wrapper.framework; includeInIndex = 0; path = EssentialFeediOS.framework; sourceTree = BUILT_PRODUCTS_DIR; };
		4E03E9B62D65070900717B0B /* EssentialFeediOSTests.xctest */ = {isa = PBXFileReference; explicitFileType = wrapper.cfbundle; includeInIndex = 0; path = EssentialFeediOSTests.xctest; sourceTree = BUILT_PRODUCTS_DIR; };
		4E03E9C52D65089A00717B0B /* EssentialFeediOS.xctestplan */ = {isa = PBXFileReference; lastKnownFileType = text; path = EssentialFeediOS.xctestplan; sourceTree = "<group>"; };
		4E1922962D5B6EEA00891371 /* CoreDataFeedStoreTests.swift */ = {isa = PBXFileReference; lastKnownFileType = sourcecode.swift; path = CoreDataFeedStoreTests.swift; sourceTree = "<group>"; };
		4E1923932D5BAC1700891371 /* EssentialFeedCacheIntegrationTests.xctest */ = {isa = PBXFileReference; explicitFileType = wrapper.cfbundle; includeInIndex = 0; path = EssentialFeedCacheIntegrationTests.xctest; sourceTree = BUILT_PRODUCTS_DIR; };
		4E19239D2D5BAC9D00891371 /* EssentialFeedCacheIntegrationTests.xctestplan */ = {isa = PBXFileReference; lastKnownFileType = text; path = EssentialFeedCacheIntegrationTests.xctestplan; sourceTree = "<group>"; };
		4E3DF4A82D3AA33C009E413A /* EssentialFeedAPIEndToEndTests.xctest */ = {isa = PBXFileReference; explicitFileType = wrapper.cfbundle; includeInIndex = 0; path = EssentialFeedAPIEndToEndTests.xctest; sourceTree = BUILT_PRODUCTS_DIR; };
		4E3DF4DB2D49173C009E413A /* CacheFeedUseCaseTests.swift */ = {isa = PBXFileReference; lastKnownFileType = sourcecode.swift; path = CacheFeedUseCaseTests.swift; sourceTree = "<group>"; };
		4E3DF4EC2D4CD12C009E413A /* LoadFeedFromCacheUseCaseTests.swift */ = {isa = PBXFileReference; lastKnownFileType = sourcecode.swift; path = LoadFeedFromCacheUseCaseTests.swift; sourceTree = "<group>"; };
		4E3DF4F12D52361E009E413A /* ValidateFeedCacheUseCaseTests.swift */ = {isa = PBXFileReference; lastKnownFileType = sourcecode.swift; path = ValidateFeedCacheUseCaseTests.swift; sourceTree = "<group>"; };
		4E6C34312D5A69FE003C5E8F /* FeedStoreSpecs.swift */ = {isa = PBXFileReference; lastKnownFileType = sourcecode.swift; path = FeedStoreSpecs.swift; sourceTree = "<group>"; };
		4E6C34332D5A6D05003C5E8F /* XCTestCase+FeedStoreSpecs.swift */ = {isa = PBXFileReference; lastKnownFileType = sourcecode.swift; path = "XCTestCase+FeedStoreSpecs.swift"; sourceTree = "<group>"; };
		4E6C34592D5A9DBA003C5E8F /* XCTestCase+FailableRetrieveFeedStoreSpecs.swift */ = {isa = PBXFileReference; lastKnownFileType = sourcecode.swift; path = "XCTestCase+FailableRetrieveFeedStoreSpecs.swift"; sourceTree = "<group>"; };
		4E6C345B2D5A9E9D003C5E8F /* XCTestCase+FailableInsertFeedStoreSpecs.swift */ = {isa = PBXFileReference; lastKnownFileType = sourcecode.swift; path = "XCTestCase+FailableInsertFeedStoreSpecs.swift"; sourceTree = "<group>"; };
		4E6C345D2D5A9F57003C5E8F /* XCTestCase+FailableDeleteFeedStoreSpecs.swift */ = {isa = PBXFileReference; lastKnownFileType = sourcecode.swift; path = "XCTestCase+FailableDeleteFeedStoreSpecs.swift"; sourceTree = "<group>"; };
		4E7F344F2D64CB70008B65A7 /* EssentialFeedAPIEndToEndTests.xctestplan */ = {isa = PBXFileReference; lastKnownFileType = text; path = EssentialFeedAPIEndToEndTests.xctestplan; sourceTree = "<group>"; };
		4EB98BFB2D956D630048F8AC /* FeedImageDataLoader.swift */ = {isa = PBXFileReference; lastKnownFileType = sourcecode.swift; path = FeedImageDataLoader.swift; sourceTree = "<group>"; };
		4EB98C322D956D630048F8AC /* FeedLocalizationTests.swift */ = {isa = PBXFileReference; lastKnownFileType = sourcecode.swift; path = FeedLocalizationTests.swift; sourceTree = "<group>"; };
		4EB98C542D9584760048F8AC /* FeedPresenterTests.swift */ = {isa = PBXFileReference; lastKnownFileType = sourcecode.swift; path = FeedPresenterTests.swift; sourceTree = "<group>"; };
		4EB98C572D96A8470048F8AC /* en */ = {isa = PBXFileReference; lastKnownFileType = text.plist.strings; name = en; path = en.lproj/Feed.strings; sourceTree = "<group>"; };
		4EB98C592D96A8C90048F8AC /* el */ = {isa = PBXFileReference; lastKnownFileType = text.plist.strings; name = el; path = el.lproj/Feed.strings; sourceTree = "<group>"; };
		4EB98C5A2D96A8D20048F8AC /* pt-BR */ = {isa = PBXFileReference; lastKnownFileType = text.plist.strings; name = "pt-BR"; path = "pt-BR.lproj/Feed.strings"; sourceTree = "<group>"; };
		4EB98C5C2D96B1480048F8AC /* FeedPresenter.swift */ = {isa = PBXFileReference; lastKnownFileType = sourcecode.swift; path = FeedPresenter.swift; sourceTree = "<group>"; };
		4EB98C5F2D96BA0A0048F8AC /* FeedViewModel.swift */ = {isa = PBXFileReference; lastKnownFileType = sourcecode.swift; path = FeedViewModel.swift; sourceTree = "<group>"; };
		4EB98C612D96BF160048F8AC /* FeedLoadingViewModel.swift */ = {isa = PBXFileReference; lastKnownFileType = sourcecode.swift; path = FeedLoadingViewModel.swift; sourceTree = "<group>"; };
		4EB98C632D96BF720048F8AC /* FeedErrorViewModel.swift */ = {isa = PBXFileReference; lastKnownFileType = sourcecode.swift; path = FeedErrorViewModel.swift; sourceTree = "<group>"; };
		4EB98C672D96EBC70048F8AC /* FeedImagePresenterTests.swift */ = {isa = PBXFileReference; lastKnownFileType = sourcecode.swift; path = FeedImagePresenterTests.swift; sourceTree = "<group>"; };
		4EB98C692D96F4D30048F8AC /* FeedImagePresenter.swift */ = {isa = PBXFileReference; lastKnownFileType = sourcecode.swift; path = FeedImagePresenter.swift; sourceTree = "<group>"; };
		4EB98C6B2D96F6040048F8AC /* FeedImageViewModel.swift */ = {isa = PBXFileReference; lastKnownFileType = sourcecode.swift; path = FeedImageViewModel.swift; sourceTree = "<group>"; };
/* End PBXFileReference section */

/* Begin PBXFileSystemSynchronizedBuildFileExceptionSet section */
		4E1922F22D5BA44900891371 /* PBXFileSystemSynchronizedBuildFileExceptionSet */ = {
			isa = PBXFileSystemSynchronizedBuildFileExceptionSet;
			membershipExceptions = (
				Infrastructure/CoreData/FeedStore.xcdatamodeld,
			);
			target = 4E3DF4A72D3AA33C009E413A /* EssentialFeedAPIEndToEndTests */;
		};
		4E19239F2D5BB57500891371 /* PBXFileSystemSynchronizedBuildFileExceptionSet */ = {
			isa = PBXFileSystemSynchronizedBuildFileExceptionSet;
			membershipExceptions = (
				SharedTestHelpers.swift,
				"XCTestCase+MemoryLeakTracking.swift",
			);
			target = 4E1923922D5BAC1700891371 /* EssentialFeedCacheIntegrationTests */;
		};
		4E1923A12D5BBF6E00891371 /* PBXFileSystemSynchronizedBuildFileExceptionSet */ = {
			isa = PBXFileSystemSynchronizedBuildFileExceptionSet;
			membershipExceptions = (
				FeedCacheTestHelpers.swift,
			);
			target = 4E1923922D5BAC1700891371 /* EssentialFeedCacheIntegrationTests */;
		};
		4E3DF4E12D4934CC009E413A /* PBXFileSystemSynchronizedBuildFileExceptionSet */ = {
			isa = PBXFileSystemSynchronizedBuildFileExceptionSet;
			membershipExceptions = (
				SharedTestHelpers.swift,
				"XCTestCase+MemoryLeakTracking.swift",
			);
			target = 4E3DF4A72D3AA33C009E413A /* EssentialFeedAPIEndToEndTests */;
		};
		4E3DF4E52D4B9426009E413A /* PBXFileSystemSynchronizedBuildFileExceptionSet */ = {
			isa = PBXFileSystemSynchronizedBuildFileExceptionSet;
			membershipExceptions = (
				FeedCachePolicy.swift,
				FeedStore.swift,
				Infrastructure/CoreData/CoreDataFeedStore.swift,
				Infrastructure/CoreData/CoreDataHelpers.swift,
				Infrastructure/CoreData/FeedStore.xcdatamodeld,
				Infrastructure/CoreData/ManagedCache.swift,
				Infrastructure/CoreData/ManagedFeedImage.swift,
				LocalFeedImage.swift,
				LocalFeedLoader.swift,
			);
			target = 080EDEF021B6DA7E00813479 /* EssentialFeed */;
		};
		4E61DD102D2D31FF00BD8198 /* PBXFileSystemSynchronizedBuildFileExceptionSet */ = {
			isa = PBXFileSystemSynchronizedBuildFileExceptionSet;
			membershipExceptions = (
				FeedItemsMapper.swift,
				HTTPClient.swift,
				RemoteFeedItem.swift,
				RemoteFeedLoader.swift,
				URLSessionHTTPClient.swift,
			);
			target = 080EDEF021B6DA7E00813479 /* EssentialFeed */;
		};
		4E65989A2D66509E0054F381 /* PBXFileSystemSynchronizedBuildFileExceptionSet */ = {
			isa = PBXFileSystemSynchronizedBuildFileExceptionSet;
			membershipExceptions = (
				"XCTestCase+MemoryLeakTracking.swift",
			);
			target = 4E03E9B52D65070900717B0B /* EssentialFeediOSTests */;
		};
/* End PBXFileSystemSynchronizedBuildFileExceptionSet section */

/* Begin PBXFileSystemSynchronizedRootGroup section */
		4E03E9AE2D65070800717B0B /* EssentialFeediOS */ = {isa = PBXFileSystemSynchronizedRootGroup; explicitFileTypes = {}; explicitFolders = (); path = EssentialFeediOS; sourceTree = "<group>"; };
		4E03E9BA2D65070900717B0B /* EssentialFeediOSTests */ = {isa = PBXFileSystemSynchronizedRootGroup; explicitFileTypes = {}; explicitFolders = (); path = EssentialFeediOSTests; sourceTree = "<group>"; };
		4E1923942D5BAC1700891371 /* EssentialFeedCacheIntegrationTests */ = {isa = PBXFileSystemSynchronizedRootGroup; explicitFileTypes = {}; explicitFolders = (); path = EssentialFeedCacheIntegrationTests; sourceTree = "<group>"; };
		4E3DF4892D3530D0009E413A /* Feed API */ = {isa = PBXFileSystemSynchronizedRootGroup; explicitFileTypes = {}; explicitFolders = (); path = "Feed API"; sourceTree = "<group>"; };
		4E3DF4A92D3AA33C009E413A /* EssentialFeedAPIEndToEndTests */ = {isa = PBXFileSystemSynchronizedRootGroup; explicitFileTypes = {}; explicitFolders = (); path = EssentialFeedAPIEndToEndTests; sourceTree = "<group>"; };
		4E3DF4DE2D4934CC009E413A /* Helpers */ = {isa = PBXFileSystemSynchronizedRootGroup; exceptions = (4E3DF4E12D4934CC009E413A /* PBXFileSystemSynchronizedBuildFileExceptionSet */, 4E19239F2D5BB57500891371 /* PBXFileSystemSynchronizedBuildFileExceptionSet */, 4E65989A2D66509E0054F381 /* PBXFileSystemSynchronizedBuildFileExceptionSet */, ); explicitFileTypes = {}; explicitFolders = (); path = Helpers; sourceTree = "<group>"; };
		4E3DF4E22D4B9192009E413A /* Feed Cache */ = {isa = PBXFileSystemSynchronizedRootGroup; exceptions = (4E3DF4E52D4B9426009E413A /* PBXFileSystemSynchronizedBuildFileExceptionSet */, 4E1922F22D5BA44900891371 /* PBXFileSystemSynchronizedBuildFileExceptionSet */, ); explicitFileTypes = {}; explicitFolders = (); path = "Feed Cache"; sourceTree = "<group>"; };
		4E3DF4EE2D4CDD0D009E413A /* Helpers */ = {isa = PBXFileSystemSynchronizedRootGroup; exceptions = (4E1923A12D5BBF6E00891371 /* PBXFileSystemSynchronizedBuildFileExceptionSet */, ); explicitFileTypes = {}; explicitFolders = (); path = Helpers; sourceTree = "<group>"; };
		4E61DD0C2D2D319500BD8198 /* Feed API */ = {isa = PBXFileSystemSynchronizedRootGroup; exceptions = (4E61DD102D2D31FF00BD8198 /* PBXFileSystemSynchronizedBuildFileExceptionSet */, ); explicitFileTypes = {}; explicitFolders = (); path = "Feed API"; sourceTree = "<group>"; };
/* End PBXFileSystemSynchronizedRootGroup section */

/* Begin PBXFrameworksBuildPhase section */
		080EDEEE21B6DA7E00813479 /* Frameworks */ = {
			isa = PBXFrameworksBuildPhase;
			buildActionMask = 2147483647;
			files = (
			);
			runOnlyForDeploymentPostprocessing = 0;
		};
		080EDEF721B6DA7E00813479 /* Frameworks */ = {
			isa = PBXFrameworksBuildPhase;
			buildActionMask = 2147483647;
			files = (
				080EDEFB21B6DA7E00813479 /* EssentialFeed.framework in Frameworks */,
			);
			runOnlyForDeploymentPostprocessing = 0;
		};
		4E03E9AA2D65070800717B0B /* Frameworks */ = {
			isa = PBXFrameworksBuildPhase;
			buildActionMask = 2147483647;
			files = (
				4E6598982D6648B20054F381 /* EssentialFeed.framework in Frameworks */,
			);
			runOnlyForDeploymentPostprocessing = 0;
		};
		4E03E9B32D65070900717B0B /* Frameworks */ = {
			isa = PBXFrameworksBuildPhase;
			buildActionMask = 2147483647;
			files = (
				4E03E9B72D65070900717B0B /* EssentialFeediOS.framework in Frameworks */,
			);
			runOnlyForDeploymentPostprocessing = 0;
		};
		4E1923902D5BAC1700891371 /* Frameworks */ = {
			isa = PBXFrameworksBuildPhase;
			buildActionMask = 2147483647;
			files = (
				4E1923972D5BAC1700891371 /* EssentialFeed.framework in Frameworks */,
			);
			runOnlyForDeploymentPostprocessing = 0;
		};
		4E3DF4A52D3AA33C009E413A /* Frameworks */ = {
			isa = PBXFrameworksBuildPhase;
			buildActionMask = 2147483647;
			files = (
				4E3DF4AC2D3AA33C009E413A /* EssentialFeed.framework in Frameworks */,
			);
			runOnlyForDeploymentPostprocessing = 0;
		};
/* End PBXFrameworksBuildPhase section */

/* Begin PBXGroup section */
		080EDEE721B6DA7E00813479 = {
			isa = PBXGroup;
			children = (
				4E03E9C52D65089A00717B0B /* EssentialFeediOS.xctestplan */,
				4E7F344F2D64CB70008B65A7 /* EssentialFeedAPIEndToEndTests.xctestplan */,
				4E19239D2D5BAC9D00891371 /* EssentialFeedCacheIntegrationTests.xctestplan */,
				080EDEF321B6DA7E00813479 /* EssentialFeed */,
				080EDEFE21B6DA7E00813479 /* EssentialFeedTests */,
				4E3DF4A92D3AA33C009E413A /* EssentialFeedAPIEndToEndTests */,
				4E1923942D5BAC1700891371 /* EssentialFeedCacheIntegrationTests */,
				4E03E9AE2D65070800717B0B /* EssentialFeediOS */,
				4E03E9BA2D65070900717B0B /* EssentialFeediOSTests */,
				4E6598972D6648B20054F381 /* Frameworks */,
				080EDEF221B6DA7E00813479 /* Products */,
			);
			sourceTree = "<group>";
		};
		080EDEF221B6DA7E00813479 /* Products */ = {
			isa = PBXGroup;
			children = (
				080EDEF121B6DA7E00813479 /* EssentialFeed.framework */,
				080EDEFA21B6DA7E00813479 /* EssentialFeedTests.xctest */,
				4E3DF4A82D3AA33C009E413A /* EssentialFeedAPIEndToEndTests.xctest */,
				4E1923932D5BAC1700891371 /* EssentialFeedCacheIntegrationTests.xctest */,
				4E03E9AD2D65070800717B0B /* EssentialFeediOS.framework */,
				4E03E9B62D65070900717B0B /* EssentialFeediOSTests.xctest */,
			);
			name = Products;
			sourceTree = "<group>";
		};
		080EDEF321B6DA7E00813479 /* EssentialFeed */ = {
			isa = PBXGroup;
			children = (
				4EB98C5B2D96B0FB0048F8AC /* Feed Presentation */,
				4E3DF4E22D4B9192009E413A /* Feed Cache */,
				4E61DD0C2D2D319500BD8198 /* Feed API */,
				080EDEF521B6DA7E00813479 /* Info.plist */,
				080EDF1021B6DFA200813479 /* Feed Feature */,
			);
			path = EssentialFeed;
			sourceTree = "<group>";
		};
		080EDEFE21B6DA7E00813479 /* EssentialFeedTests */ = {
			isa = PBXGroup;
			children = (
				4EB98C532D9584220048F8AC /* Feed Presentation */,
				4E3DF4DE2D4934CC009E413A /* Helpers */,
				4E3DF4DA2D49167F009E413A /* Feed Cache */,
				080EDF0121B6DA7E00813479 /* Info.plist */,
				4E3DF4892D3530D0009E413A /* Feed API */,
			);
			path = EssentialFeedTests;
			sourceTree = "<group>";
		};
		080EDF1021B6DFA200813479 /* Feed Feature */ = {
			isa = PBXGroup;
			children = (
				080EDF0B21B6DAE800813479 /* FeedImage.swift */,
				080EDF0D21B6DCB600813479 /* FeedLoader.swift */,
				4EB98BFB2D956D630048F8AC /* FeedImageDataLoader.swift */,
			);
			path = "Feed Feature";
			sourceTree = "<group>";
		};
		4E3DF4DA2D49167F009E413A /* Feed Cache */ = {
			isa = PBXGroup;
			children = (
				4E3DF4EE2D4CDD0D009E413A /* Helpers */,
				4E3DF4DB2D49173C009E413A /* CacheFeedUseCaseTests.swift */,
				4E3DF4EC2D4CD12C009E413A /* LoadFeedFromCacheUseCaseTests.swift */,
				4E3DF4F12D52361E009E413A /* ValidateFeedCacheUseCaseTests.swift */,
				4E1922962D5B6EEA00891371 /* CoreDataFeedStoreTests.swift */,
				4E6C345F2D5AA009003C5E8F /* FeedStoreSpecs */,
			);
			path = "Feed Cache";
			sourceTree = "<group>";
		};
		4E6598972D6648B20054F381 /* Frameworks */ = {
			isa = PBXGroup;
			children = (
			);
			name = Frameworks;
			sourceTree = "<group>";
		};
		4E6C345F2D5AA009003C5E8F /* FeedStoreSpecs */ = {
			isa = PBXGroup;
			children = (
				4E6C34332D5A6D05003C5E8F /* XCTestCase+FeedStoreSpecs.swift */,
				4E6C34592D5A9DBA003C5E8F /* XCTestCase+FailableRetrieveFeedStoreSpecs.swift */,
				4E6C345B2D5A9E9D003C5E8F /* XCTestCase+FailableInsertFeedStoreSpecs.swift */,
				4E6C345D2D5A9F57003C5E8F /* XCTestCase+FailableDeleteFeedStoreSpecs.swift */,
				4E6C34312D5A69FE003C5E8F /* FeedStoreSpecs.swift */,
			);
			path = FeedStoreSpecs;
			sourceTree = "<group>";
		};
		4EB98C532D9584220048F8AC /* Feed Presentation */ = {
			isa = PBXGroup;
			children = (
				4EB98C672D96EBC70048F8AC /* FeedImagePresenterTests.swift */,
				4EB98C322D956D630048F8AC /* FeedLocalizationTests.swift */,
				4EB98C542D9584760048F8AC /* FeedPresenterTests.swift */,
			);
			path = "Feed Presentation";
			sourceTree = "<group>";
		};
		4EB98C5B2D96B0FB0048F8AC /* Feed Presentation */ = {
			isa = PBXGroup;
			children = (
				4EB98C6B2D96F6040048F8AC /* FeedImageViewModel.swift */,
				4EB98C692D96F4D30048F8AC /* FeedImagePresenter.swift */,
				4EB98C632D96BF720048F8AC /* FeedErrorViewModel.swift */,
				4EB98C612D96BF160048F8AC /* FeedLoadingViewModel.swift */,
				4EB98C5F2D96BA0A0048F8AC /* FeedViewModel.swift */,
				4EB98C5C2D96B1480048F8AC /* FeedPresenter.swift */,
				4EB98C562D96A8470048F8AC /* Feed.strings */,
			);
			path = "Feed Presentation";
			sourceTree = "<group>";
		};
/* End PBXGroup section */

/* Begin PBXHeadersBuildPhase section */
		080EDEEC21B6DA7E00813479 /* Headers */ = {
			isa = PBXHeadersBuildPhase;
			buildActionMask = 2147483647;
			files = (
			);
			runOnlyForDeploymentPostprocessing = 0;
		};
		4E03E9A82D65070800717B0B /* Headers */ = {
			isa = PBXHeadersBuildPhase;
			buildActionMask = 2147483647;
			files = (
			);
			runOnlyForDeploymentPostprocessing = 0;
		};
/* End PBXHeadersBuildPhase section */

/* Begin PBXNativeTarget section */
		080EDEF021B6DA7E00813479 /* EssentialFeed */ = {
			isa = PBXNativeTarget;
			buildConfigurationList = 080EDF0521B6DA7E00813479 /* Build configuration list for PBXNativeTarget "EssentialFeed" */;
			buildPhases = (
				080EDEEC21B6DA7E00813479 /* Headers */,
				080EDEED21B6DA7E00813479 /* Sources */,
				080EDEEE21B6DA7E00813479 /* Frameworks */,
				080EDEEF21B6DA7E00813479 /* Resources */,
			);
			buildRules = (
			);
			dependencies = (
			);
			name = EssentialFeed;
			productName = EssentialFeed;
			productReference = 080EDEF121B6DA7E00813479 /* EssentialFeed.framework */;
			productType = "com.apple.product-type.framework";
		};
		080EDEF921B6DA7E00813479 /* EssentialFeedTests */ = {
			isa = PBXNativeTarget;
			buildConfigurationList = 080EDF0821B6DA7E00813479 /* Build configuration list for PBXNativeTarget "EssentialFeedTests" */;
			buildPhases = (
				080EDEF621B6DA7E00813479 /* Sources */,
				080EDEF721B6DA7E00813479 /* Frameworks */,
				080EDEF821B6DA7E00813479 /* Resources */,
			);
			buildRules = (
			);
			dependencies = (
				080EDEFD21B6DA7E00813479 /* PBXTargetDependency */,
			);
			fileSystemSynchronizedGroups = (
				4E3DF4892D3530D0009E413A /* Feed API */,
				4E3DF4DE2D4934CC009E413A /* Helpers */,
				4E3DF4EE2D4CDD0D009E413A /* Helpers */,
			);
			name = EssentialFeedTests;
			productName = EssentialFeedTests;
			productReference = 080EDEFA21B6DA7E00813479 /* EssentialFeedTests.xctest */;
			productType = "com.apple.product-type.bundle.unit-test";
		};
		4E03E9AC2D65070800717B0B /* EssentialFeediOS */ = {
			isa = PBXNativeTarget;
			buildConfigurationList = 4E03E9BF2D65070900717B0B /* Build configuration list for PBXNativeTarget "EssentialFeediOS" */;
			buildPhases = (
				4E03E9A82D65070800717B0B /* Headers */,
				4E03E9A92D65070800717B0B /* Sources */,
				4E03E9AA2D65070800717B0B /* Frameworks */,
				4E03E9AB2D65070800717B0B /* Resources */,
			);
			buildRules = (
			);
			dependencies = (
			);
			fileSystemSynchronizedGroups = (
				4E03E9AE2D65070800717B0B /* EssentialFeediOS */,
			);
			name = EssentialFeediOS;
			packageProductDependencies = (
			);
			productName = EssentialFeediOS;
			productReference = 4E03E9AD2D65070800717B0B /* EssentialFeediOS.framework */;
			productType = "com.apple.product-type.framework";
		};
		4E03E9B52D65070900717B0B /* EssentialFeediOSTests */ = {
			isa = PBXNativeTarget;
			buildConfigurationList = 4E03E9C22D65070900717B0B /* Build configuration list for PBXNativeTarget "EssentialFeediOSTests" */;
			buildPhases = (
				4E03E9B22D65070900717B0B /* Sources */,
				4E03E9B32D65070900717B0B /* Frameworks */,
				4E03E9B42D65070900717B0B /* Resources */,
			);
			buildRules = (
			);
			dependencies = (
				4E03E9B92D65070900717B0B /* PBXTargetDependency */,
			);
			fileSystemSynchronizedGroups = (
				4E03E9BA2D65070900717B0B /* EssentialFeediOSTests */,
			);
			name = EssentialFeediOSTests;
			packageProductDependencies = (
			);
			productName = EssentialFeediOSTests;
			productReference = 4E03E9B62D65070900717B0B /* EssentialFeediOSTests.xctest */;
			productType = "com.apple.product-type.bundle.unit-test";
		};
		4E1923922D5BAC1700891371 /* EssentialFeedCacheIntegrationTests */ = {
			isa = PBXNativeTarget;
			buildConfigurationList = 4E19239C2D5BAC1700891371 /* Build configuration list for PBXNativeTarget "EssentialFeedCacheIntegrationTests" */;
			buildPhases = (
				4E19238F2D5BAC1700891371 /* Sources */,
				4E1923902D5BAC1700891371 /* Frameworks */,
				4E1923912D5BAC1700891371 /* Resources */,
			);
			buildRules = (
			);
			dependencies = (
				4E1923992D5BAC1700891371 /* PBXTargetDependency */,
			);
			fileSystemSynchronizedGroups = (
				4E1923942D5BAC1700891371 /* EssentialFeedCacheIntegrationTests */,
			);
			name = EssentialFeedCacheIntegrationTests;
			packageProductDependencies = (
			);
			productName = EssentialFeedCacheIntegrationTests;
			productReference = 4E1923932D5BAC1700891371 /* EssentialFeedCacheIntegrationTests.xctest */;
			productType = "com.apple.product-type.bundle.unit-test";
		};
		4E3DF4A72D3AA33C009E413A /* EssentialFeedAPIEndToEndTests */ = {
			isa = PBXNativeTarget;
			buildConfigurationList = 4E3DF4AF2D3AA33C009E413A /* Build configuration list for PBXNativeTarget "EssentialFeedAPIEndToEndTests" */;
			buildPhases = (
				4E3DF4A42D3AA33C009E413A /* Sources */,
				4E3DF4A52D3AA33C009E413A /* Frameworks */,
				4E3DF4A62D3AA33C009E413A /* Resources */,
			);
			buildRules = (
			);
			dependencies = (
				4E3DF4AE2D3AA33C009E413A /* PBXTargetDependency */,
			);
			fileSystemSynchronizedGroups = (
				4E3DF4A92D3AA33C009E413A /* EssentialFeedAPIEndToEndTests */,
			);
			name = EssentialFeedAPIEndToEndTests;
			packageProductDependencies = (
			);
			productName = EssentialFeedAPIEndToEndTests;
			productReference = 4E3DF4A82D3AA33C009E413A /* EssentialFeedAPIEndToEndTests.xctest */;
			productType = "com.apple.product-type.bundle.unit-test";
		};
/* End PBXNativeTarget section */

/* Begin PBXProject section */
		080EDEE821B6DA7E00813479 /* Project object */ = {
			isa = PBXProject;
			attributes = {
				BuildIndependentTargetsInParallel = YES;
				LastSwiftUpdateCheck = 1620;
				LastUpgradeCheck = 1620;
				ORGANIZATIONNAME = "";
				TargetAttributes = {
					080EDEF021B6DA7E00813479 = {
						CreatedOnToolsVersion = 10.1;
						LastSwiftMigration = 1540;
					};
					080EDEF921B6DA7E00813479 = {
						CreatedOnToolsVersion = 10.1;
						LastSwiftMigration = 1620;
					};
					4E03E9AC2D65070800717B0B = {
						CreatedOnToolsVersion = 16.2;
					};
					4E03E9B52D65070900717B0B = {
						CreatedOnToolsVersion = 16.2;
					};
					4E1923922D5BAC1700891371 = {
						CreatedOnToolsVersion = 16.2;
					};
					4E3DF4A72D3AA33C009E413A = {
						CreatedOnToolsVersion = 16.2;
					};
				};
			};
			buildConfigurationList = 080EDEEB21B6DA7E00813479 /* Build configuration list for PBXProject "EssentialFeed" */;
			compatibilityVersion = "Xcode 13.0";
			developmentRegion = en;
			hasScannedForEncodings = 0;
			knownRegions = (
				en,
				Base,
				"pt-BR",
				el,
			);
			mainGroup = 080EDEE721B6DA7E00813479;
			productRefGroup = 080EDEF221B6DA7E00813479 /* Products */;
			projectDirPath = "";
			projectRoot = "";
			targets = (
				080EDEF021B6DA7E00813479 /* EssentialFeed */,
				080EDEF921B6DA7E00813479 /* EssentialFeedTests */,
				4E3DF4A72D3AA33C009E413A /* EssentialFeedAPIEndToEndTests */,
				4E1923922D5BAC1700891371 /* EssentialFeedCacheIntegrationTests */,
				4E03E9AC2D65070800717B0B /* EssentialFeediOS */,
				4E03E9B52D65070900717B0B /* EssentialFeediOSTests */,
			);
		};
/* End PBXProject section */

/* Begin PBXResourcesBuildPhase section */
		080EDEEF21B6DA7E00813479 /* Resources */ = {
			isa = PBXResourcesBuildPhase;
			buildActionMask = 2147483647;
			files = (
				4EB98C5E2D96B4500048F8AC /* Feed.strings in Resources */,
			);
			runOnlyForDeploymentPostprocessing = 0;
		};
		080EDEF821B6DA7E00813479 /* Resources */ = {
			isa = PBXResourcesBuildPhase;
			buildActionMask = 2147483647;
			files = (
			);
			runOnlyForDeploymentPostprocessing = 0;
		};
		4E03E9AB2D65070800717B0B /* Resources */ = {
			isa = PBXResourcesBuildPhase;
			buildActionMask = 2147483647;
			files = (
			);
			runOnlyForDeploymentPostprocessing = 0;
		};
		4E03E9B42D65070900717B0B /* Resources */ = {
			isa = PBXResourcesBuildPhase;
			buildActionMask = 2147483647;
			files = (
			);
			runOnlyForDeploymentPostprocessing = 0;
		};
		4E1923912D5BAC1700891371 /* Resources */ = {
			isa = PBXResourcesBuildPhase;
			buildActionMask = 2147483647;
			files = (
			);
			runOnlyForDeploymentPostprocessing = 0;
		};
		4E3DF4A62D3AA33C009E413A /* Resources */ = {
			isa = PBXResourcesBuildPhase;
			buildActionMask = 2147483647;
			files = (
			);
			runOnlyForDeploymentPostprocessing = 0;
		};
/* End PBXResourcesBuildPhase section */

/* Begin PBXSourcesBuildPhase section */
		080EDEED21B6DA7E00813479 /* Sources */ = {
			isa = PBXSourcesBuildPhase;
			buildActionMask = 2147483647;
			files = (
				080EDF0E21B6DCB600813479 /* FeedLoader.swift in Sources */,
				4EB98C6C2D96F6040048F8AC /* FeedImageViewModel.swift in Sources */,
				4EB98C602D96BA0A0048F8AC /* FeedViewModel.swift in Sources */,
				4EB98C5D2D96B14E0048F8AC /* FeedPresenter.swift in Sources */,
				4EB98C642D96BF720048F8AC /* FeedErrorViewModel.swift in Sources */,
				4EB98C712D9AA30E0048F8AC /* FeedImageDataLoader.swift in Sources */,
				4EB98C622D96BF160048F8AC /* FeedLoadingViewModel.swift in Sources */,
				4EB98C6A2D96F4DF0048F8AC /* FeedImagePresenter.swift in Sources */,
				080EDF0C21B6DAE800813479 /* FeedImage.swift in Sources */,
			);
			runOnlyForDeploymentPostprocessing = 0;
		};
		080EDEF621B6DA7E00813479 /* Sources */ = {
			isa = PBXSourcesBuildPhase;
			buildActionMask = 2147483647;
			files = (
				4EB98C552D95847A0048F8AC /* FeedPresenterTests.swift in Sources */,
				4E6C345C2D5A9EA6003C5E8F /* XCTestCase+FailableInsertFeedStoreSpecs.swift in Sources */,
				4EB98C682D96EBC70048F8AC /* FeedImagePresenterTests.swift in Sources */,
				4E6C345E2D5A9F5A003C5E8F /* XCTestCase+FailableDeleteFeedStoreSpecs.swift in Sources */,
				4EB98C662D96C66B0048F8AC /* FeedLocalizationTests.swift in Sources */,
				4E6C34342D5A6D05003C5E8F /* XCTestCase+FeedStoreSpecs.swift in Sources */,
				4E3DF4F22D523626009E413A /* ValidateFeedCacheUseCaseTests.swift in Sources */,
				4E6C345A2D5A9DC2003C5E8F /* XCTestCase+FailableRetrieveFeedStoreSpecs.swift in Sources */,
				4E3DF4DC2D49173C009E413A /* CacheFeedUseCaseTests.swift in Sources */,
				4E3DF4ED2D4CD12C009E413A /* LoadFeedFromCacheUseCaseTests.swift in Sources */,
				4E6C34322D5A69FE003C5E8F /* FeedStoreSpecs.swift in Sources */,
				4E1922972D5B6EEE00891371 /* CoreDataFeedStoreTests.swift in Sources */,
			);
			runOnlyForDeploymentPostprocessing = 0;
		};
		4E03E9A92D65070800717B0B /* Sources */ = {
			isa = PBXSourcesBuildPhase;
			buildActionMask = 2147483647;
			files = (
			);
			runOnlyForDeploymentPostprocessing = 0;
		};
		4E03E9B22D65070900717B0B /* Sources */ = {
			isa = PBXSourcesBuildPhase;
			buildActionMask = 2147483647;
			files = (
			);
			runOnlyForDeploymentPostprocessing = 0;
		};
		4E19238F2D5BAC1700891371 /* Sources */ = {
			isa = PBXSourcesBuildPhase;
			buildActionMask = 2147483647;
			files = (
			);
			runOnlyForDeploymentPostprocessing = 0;
		};
		4E3DF4A42D3AA33C009E413A /* Sources */ = {
			isa = PBXSourcesBuildPhase;
			buildActionMask = 2147483647;
			files = (
			);
			runOnlyForDeploymentPostprocessing = 0;
		};
/* End PBXSourcesBuildPhase section */

/* Begin PBXTargetDependency section */
		080EDEFD21B6DA7E00813479 /* PBXTargetDependency */ = {
			isa = PBXTargetDependency;
			target = 080EDEF021B6DA7E00813479 /* EssentialFeed */;
			targetProxy = 080EDEFC21B6DA7E00813479 /* PBXContainerItemProxy */;
		};
		4E03E9B92D65070900717B0B /* PBXTargetDependency */ = {
			isa = PBXTargetDependency;
			target = 4E03E9AC2D65070800717B0B /* EssentialFeediOS */;
			targetProxy = 4E03E9B82D65070900717B0B /* PBXContainerItemProxy */;
		};
		4E1923992D5BAC1700891371 /* PBXTargetDependency */ = {
			isa = PBXTargetDependency;
			target = 080EDEF021B6DA7E00813479 /* EssentialFeed */;
			targetProxy = 4E1923982D5BAC1700891371 /* PBXContainerItemProxy */;
		};
		4E3DF4AE2D3AA33C009E413A /* PBXTargetDependency */ = {
			isa = PBXTargetDependency;
			target = 080EDEF021B6DA7E00813479 /* EssentialFeed */;
			targetProxy = 4E3DF4AD2D3AA33C009E413A /* PBXContainerItemProxy */;
		};
/* End PBXTargetDependency section */

/* Begin PBXVariantGroup section */
		4EB98C562D96A8470048F8AC /* Feed.strings */ = {
			isa = PBXVariantGroup;
			children = (
				4EB98C572D96A8470048F8AC /* en */,
				4EB98C592D96A8C90048F8AC /* el */,
				4EB98C5A2D96A8D20048F8AC /* pt-BR */,
			);
			name = Feed.strings;
			sourceTree = "<group>";
		};
/* End PBXVariantGroup section */

/* Begin XCBuildConfiguration section */
		080EDF0321B6DA7E00813479 /* Debug */ = {
			isa = XCBuildConfiguration;
			buildSettings = {
				ALWAYS_SEARCH_USER_PATHS = NO;
				ASSETCATALOG_COMPILER_GENERATE_SWIFT_ASSET_SYMBOL_EXTENSIONS = YES;
				CLANG_ANALYZER_LOCALIZABILITY_NONLOCALIZED = YES;
				CLANG_ANALYZER_NONNULL = YES;
				CLANG_ANALYZER_NUMBER_OBJECT_CONVERSION = YES_AGGRESSIVE;
				CLANG_CXX_LANGUAGE_STANDARD = "gnu++14";
				CLANG_CXX_LIBRARY = "libc++";
				CLANG_ENABLE_MODULES = YES;
				CLANG_ENABLE_OBJC_ARC = YES;
				CLANG_ENABLE_OBJC_WEAK = YES;
				CLANG_WARN_BLOCK_CAPTURE_AUTORELEASING = YES;
				CLANG_WARN_BOOL_CONVERSION = YES;
				CLANG_WARN_COMMA = YES;
				CLANG_WARN_CONSTANT_CONVERSION = YES;
				CLANG_WARN_DEPRECATED_OBJC_IMPLEMENTATIONS = YES;
				CLANG_WARN_DIRECT_OBJC_ISA_USAGE = YES_ERROR;
				CLANG_WARN_DOCUMENTATION_COMMENTS = YES;
				CLANG_WARN_EMPTY_BODY = YES;
				CLANG_WARN_ENUM_CONVERSION = YES;
				CLANG_WARN_INFINITE_RECURSION = YES;
				CLANG_WARN_INT_CONVERSION = YES;
				CLANG_WARN_NON_LITERAL_NULL_CONVERSION = YES;
				CLANG_WARN_OBJC_IMPLICIT_RETAIN_SELF = YES;
				CLANG_WARN_OBJC_LITERAL_CONVERSION = YES;
				CLANG_WARN_OBJC_ROOT_CLASS = YES_ERROR;
				CLANG_WARN_QUOTED_INCLUDE_IN_FRAMEWORK_HEADER = YES;
				CLANG_WARN_RANGE_LOOP_ANALYSIS = YES;
				CLANG_WARN_STRICT_PROTOTYPES = YES;
				CLANG_WARN_SUSPICIOUS_MOVE = YES;
				CLANG_WARN_UNGUARDED_AVAILABILITY = YES_AGGRESSIVE;
				CLANG_WARN_UNREACHABLE_CODE = YES;
				CLANG_WARN__DUPLICATE_METHOD_MATCH = YES;
				CODE_SIGN_IDENTITY = "Mac Developer";
				COPY_PHASE_STRIP = NO;
				CURRENT_PROJECT_VERSION = 1;
				DEAD_CODE_STRIPPING = YES;
				DEBUG_INFORMATION_FORMAT = dwarf;
				ENABLE_STRICT_OBJC_MSGSEND = YES;
				ENABLE_TESTABILITY = YES;
				ENABLE_USER_SCRIPT_SANDBOXING = YES;
				GCC_C_LANGUAGE_STANDARD = gnu11;
				GCC_DYNAMIC_NO_PIC = NO;
				GCC_NO_COMMON_BLOCKS = YES;
				GCC_OPTIMIZATION_LEVEL = 0;
				GCC_PREPROCESSOR_DEFINITIONS = (
					"DEBUG=1",
					"$(inherited)",
				);
				GCC_WARN_64_TO_32_BIT_CONVERSION = YES;
				GCC_WARN_ABOUT_RETURN_TYPE = YES_ERROR;
				GCC_WARN_UNDECLARED_SELECTOR = YES;
				GCC_WARN_UNINITIALIZED_AUTOS = YES_AGGRESSIVE;
				GCC_WARN_UNUSED_FUNCTION = YES;
				GCC_WARN_UNUSED_VARIABLE = YES;
				MACOSX_DEPLOYMENT_TARGET = 14.0;
				MTL_ENABLE_DEBUG_INFO = INCLUDE_SOURCE;
				MTL_FAST_MATH = YES;
				ONLY_ACTIVE_ARCH = YES;
				SDKROOT = macosx;
				SWIFT_ACTIVE_COMPILATION_CONDITIONS = DEBUG;
				SWIFT_EMIT_LOC_STRINGS = YES;
				SWIFT_OPTIMIZATION_LEVEL = "-Onone";
				SWIFT_STRICT_CONCURRENCY = minimal;
				SWIFT_VERSION = 5.0;
				VERSIONING_SYSTEM = "apple-generic";
				VERSION_INFO_PREFIX = "";
			};
			name = Debug;
		};
		080EDF0421B6DA7E00813479 /* Release */ = {
			isa = XCBuildConfiguration;
			buildSettings = {
				ALWAYS_SEARCH_USER_PATHS = NO;
				ASSETCATALOG_COMPILER_GENERATE_SWIFT_ASSET_SYMBOL_EXTENSIONS = YES;
				CLANG_ANALYZER_LOCALIZABILITY_NONLOCALIZED = YES;
				CLANG_ANALYZER_NONNULL = YES;
				CLANG_ANALYZER_NUMBER_OBJECT_CONVERSION = YES_AGGRESSIVE;
				CLANG_CXX_LANGUAGE_STANDARD = "gnu++14";
				CLANG_CXX_LIBRARY = "libc++";
				CLANG_ENABLE_MODULES = YES;
				CLANG_ENABLE_OBJC_ARC = YES;
				CLANG_ENABLE_OBJC_WEAK = YES;
				CLANG_WARN_BLOCK_CAPTURE_AUTORELEASING = YES;
				CLANG_WARN_BOOL_CONVERSION = YES;
				CLANG_WARN_COMMA = YES;
				CLANG_WARN_CONSTANT_CONVERSION = YES;
				CLANG_WARN_DEPRECATED_OBJC_IMPLEMENTATIONS = YES;
				CLANG_WARN_DIRECT_OBJC_ISA_USAGE = YES_ERROR;
				CLANG_WARN_DOCUMENTATION_COMMENTS = YES;
				CLANG_WARN_EMPTY_BODY = YES;
				CLANG_WARN_ENUM_CONVERSION = YES;
				CLANG_WARN_INFINITE_RECURSION = YES;
				CLANG_WARN_INT_CONVERSION = YES;
				CLANG_WARN_NON_LITERAL_NULL_CONVERSION = YES;
				CLANG_WARN_OBJC_IMPLICIT_RETAIN_SELF = YES;
				CLANG_WARN_OBJC_LITERAL_CONVERSION = YES;
				CLANG_WARN_OBJC_ROOT_CLASS = YES_ERROR;
				CLANG_WARN_QUOTED_INCLUDE_IN_FRAMEWORK_HEADER = YES;
				CLANG_WARN_RANGE_LOOP_ANALYSIS = YES;
				CLANG_WARN_STRICT_PROTOTYPES = YES;
				CLANG_WARN_SUSPICIOUS_MOVE = YES;
				CLANG_WARN_UNGUARDED_AVAILABILITY = YES_AGGRESSIVE;
				CLANG_WARN_UNREACHABLE_CODE = YES;
				CLANG_WARN__DUPLICATE_METHOD_MATCH = YES;
				CODE_SIGN_IDENTITY = "Mac Developer";
				COPY_PHASE_STRIP = NO;
				CURRENT_PROJECT_VERSION = 1;
				DEAD_CODE_STRIPPING = YES;
				DEBUG_INFORMATION_FORMAT = "dwarf-with-dsym";
				ENABLE_NS_ASSERTIONS = NO;
				ENABLE_STRICT_OBJC_MSGSEND = YES;
				ENABLE_USER_SCRIPT_SANDBOXING = YES;
				GCC_C_LANGUAGE_STANDARD = gnu11;
				GCC_NO_COMMON_BLOCKS = YES;
				GCC_WARN_64_TO_32_BIT_CONVERSION = YES;
				GCC_WARN_ABOUT_RETURN_TYPE = YES_ERROR;
				GCC_WARN_UNDECLARED_SELECTOR = YES;
				GCC_WARN_UNINITIALIZED_AUTOS = YES_AGGRESSIVE;
				GCC_WARN_UNUSED_FUNCTION = YES;
				GCC_WARN_UNUSED_VARIABLE = YES;
				MACOSX_DEPLOYMENT_TARGET = 14.0;
				MTL_ENABLE_DEBUG_INFO = NO;
				MTL_FAST_MATH = YES;
				SDKROOT = macosx;
				SWIFT_COMPILATION_MODE = wholemodule;
				SWIFT_EMIT_LOC_STRINGS = YES;
				SWIFT_OPTIMIZATION_LEVEL = "-O";
				SWIFT_STRICT_CONCURRENCY = minimal;
				SWIFT_VERSION = 5.0;
				VERSIONING_SYSTEM = "apple-generic";
				VERSION_INFO_PREFIX = "";
			};
			name = Release;
		};
		080EDF0621B6DA7E00813479 /* Debug */ = {
			isa = XCBuildConfiguration;
			buildSettings = {
				CLANG_ENABLE_MODULES = YES;
				CODE_SIGN_IDENTITY = "";
				CODE_SIGN_STYLE = Automatic;
				COMBINE_HIDPI_IMAGES = YES;
				DEAD_CODE_STRIPPING = YES;
				DEFINES_MODULE = YES;
				DEVELOPMENT_TEAM = HB939N9AUT;
				DYLIB_COMPATIBILITY_VERSION = 1;
				DYLIB_CURRENT_VERSION = 1;
				DYLIB_INSTALL_NAME_BASE = "@rpath";
				ENABLE_MODULE_VERIFIER = YES;
				FRAMEWORK_VERSION = A;
				INFOPLIST_FILE = EssentialFeed/Info.plist;
				INSTALL_PATH = "$(LOCAL_LIBRARY_DIR)/Frameworks";
				LD_RUNPATH_SEARCH_PATHS = (
					"$(inherited)",
					"@executable_path/../Frameworks",
					"@loader_path/Frameworks",
				);
				MODULE_VERIFIER_SUPPORTED_LANGUAGE_STANDARDS = "gnu11 gnu++14";
				PRODUCT_BUNDLE_IDENTIFIER = com.essentialdeveloper.EssentialFeed;
				PRODUCT_NAME = "$(TARGET_NAME:c99extidentifier)";
				SKIP_INSTALL = YES;
				SUPPORTED_PLATFORMS = "macosx iphoneos iphonesimulator";
				SWIFT_OPTIMIZATION_LEVEL = "-Onone";
			};
			name = Debug;
		};
		080EDF0721B6DA7E00813479 /* Release */ = {
			isa = XCBuildConfiguration;
			buildSettings = {
				CLANG_ENABLE_MODULES = YES;
				CODE_SIGN_IDENTITY = "";
				CODE_SIGN_STYLE = Automatic;
				COMBINE_HIDPI_IMAGES = YES;
				DEAD_CODE_STRIPPING = YES;
				DEFINES_MODULE = YES;
				DEVELOPMENT_TEAM = HB939N9AUT;
				DYLIB_COMPATIBILITY_VERSION = 1;
				DYLIB_CURRENT_VERSION = 1;
				DYLIB_INSTALL_NAME_BASE = "@rpath";
				ENABLE_MODULE_VERIFIER = YES;
				FRAMEWORK_VERSION = A;
				INFOPLIST_FILE = EssentialFeed/Info.plist;
				INSTALL_PATH = "$(LOCAL_LIBRARY_DIR)/Frameworks";
				LD_RUNPATH_SEARCH_PATHS = (
					"$(inherited)",
					"@executable_path/../Frameworks",
					"@loader_path/Frameworks",
				);
				MODULE_VERIFIER_SUPPORTED_LANGUAGE_STANDARDS = "gnu11 gnu++14";
				PRODUCT_BUNDLE_IDENTIFIER = com.essentialdeveloper.EssentialFeed;
				PRODUCT_NAME = "$(TARGET_NAME:c99extidentifier)";
				SKIP_INSTALL = YES;
				SUPPORTED_PLATFORMS = "macosx iphoneos iphonesimulator";
			};
			name = Release;
		};
		080EDF0921B6DA7E00813479 /* Debug */ = {
			isa = XCBuildConfiguration;
			buildSettings = {
				CLANG_ENABLE_MODULES = YES;
				"CODE_SIGN_IDENTITY[sdk=macosx*]" = "-";
				CODE_SIGN_STYLE = Automatic;
				COMBINE_HIDPI_IMAGES = YES;
				DEAD_CODE_STRIPPING = YES;
				DEVELOPMENT_TEAM = HB939N9AUT;
				INFOPLIST_FILE = EssentialFeedTests/Info.plist;
				LD_RUNPATH_SEARCH_PATHS = (
					"$(inherited)",
					"@executable_path/../Frameworks",
					"@loader_path/../Frameworks",
				);
				PRODUCT_BUNDLE_IDENTIFIER = com.essentialdeveloper.EssentialFeedTests;
				PRODUCT_NAME = "$(TARGET_NAME)";
				SUPPORTED_PLATFORMS = "macosx iphoneos iphonesimulator";
				SWIFT_OPTIMIZATION_LEVEL = "-Onone";
				SWIFT_VERSION = 5.0;
			};
			name = Debug;
		};
		080EDF0A21B6DA7E00813479 /* Release */ = {
			isa = XCBuildConfiguration;
			buildSettings = {
				CLANG_ENABLE_MODULES = YES;
				"CODE_SIGN_IDENTITY[sdk=macosx*]" = "-";
				CODE_SIGN_STYLE = Automatic;
				COMBINE_HIDPI_IMAGES = YES;
				DEAD_CODE_STRIPPING = YES;
				DEVELOPMENT_TEAM = HB939N9AUT;
				INFOPLIST_FILE = EssentialFeedTests/Info.plist;
				LD_RUNPATH_SEARCH_PATHS = (
					"$(inherited)",
					"@executable_path/../Frameworks",
					"@loader_path/../Frameworks",
				);
				PRODUCT_BUNDLE_IDENTIFIER = com.essentialdeveloper.EssentialFeedTests;
				PRODUCT_NAME = "$(TARGET_NAME)";
				SUPPORTED_PLATFORMS = "macosx iphoneos iphonesimulator";
				SWIFT_VERSION = 5.0;
			};
			name = Release;
		};
		4E03E9C02D65070900717B0B /* Debug */ = {
			isa = XCBuildConfiguration;
			buildSettings = {
				BUILD_LIBRARY_FOR_DISTRIBUTION = NO;
				CLANG_CXX_LANGUAGE_STANDARD = "gnu++20";
				CODE_SIGN_STYLE = Automatic;
				CURRENT_PROJECT_VERSION = 1;
				DEFINES_MODULE = NO;
				DEVELOPMENT_TEAM = HB939N9AUT;
				DYLIB_COMPATIBILITY_VERSION = 1;
				DYLIB_CURRENT_VERSION = 1;
				DYLIB_INSTALL_NAME_BASE = "@rpath";
				ENABLE_MODULE_VERIFIER = YES;
				GCC_C_LANGUAGE_STANDARD = gnu17;
				GENERATE_INFOPLIST_FILE = YES;
				INFOPLIST_KEY_NSHumanReadableCopyright = "";
				INSTALL_PATH = "$(LOCAL_LIBRARY_DIR)/Frameworks";
				IPHONEOS_DEPLOYMENT_TARGET = 18.2;
				LD_RUNPATH_SEARCH_PATHS = (
					"$(inherited)",
					"@executable_path/Frameworks",
					"@loader_path/Frameworks",
				);
				LOCALIZATION_PREFERS_STRING_CATALOGS = YES;
				MARKETING_VERSION = 1.0;
				MODULE_VERIFIER_SUPPORTED_LANGUAGES = "objective-c objective-c++";
				MODULE_VERIFIER_SUPPORTED_LANGUAGE_STANDARDS = "gnu17 gnu++20";
				PRODUCT_BUNDLE_IDENTIFIER = com.vanyamoo.EssentialFeediOS;
				PRODUCT_NAME = "$(TARGET_NAME:c99extidentifier)";
				SDKROOT = iphoneos;
				SKIP_INSTALL = YES;
				SWIFT_ACTIVE_COMPILATION_CONDITIONS = "DEBUG $(inherited)";
				SWIFT_EMIT_LOC_STRINGS = YES;
				SWIFT_INSTALL_OBJC_HEADER = NO;
				SWIFT_VERSION = 5.0;
				TARGETED_DEVICE_FAMILY = "1,2";
			};
			name = Debug;
		};
		4E03E9C12D65070900717B0B /* Release */ = {
			isa = XCBuildConfiguration;
			buildSettings = {
				BUILD_LIBRARY_FOR_DISTRIBUTION = NO;
				CLANG_CXX_LANGUAGE_STANDARD = "gnu++20";
				CODE_SIGN_STYLE = Automatic;
				CURRENT_PROJECT_VERSION = 1;
				DEFINES_MODULE = NO;
				DEVELOPMENT_TEAM = HB939N9AUT;
				DYLIB_COMPATIBILITY_VERSION = 1;
				DYLIB_CURRENT_VERSION = 1;
				DYLIB_INSTALL_NAME_BASE = "@rpath";
				ENABLE_MODULE_VERIFIER = YES;
				GCC_C_LANGUAGE_STANDARD = gnu17;
				GENERATE_INFOPLIST_FILE = YES;
				INFOPLIST_KEY_NSHumanReadableCopyright = "";
				INSTALL_PATH = "$(LOCAL_LIBRARY_DIR)/Frameworks";
				IPHONEOS_DEPLOYMENT_TARGET = 18.2;
				LD_RUNPATH_SEARCH_PATHS = (
					"$(inherited)",
					"@executable_path/Frameworks",
					"@loader_path/Frameworks",
				);
				LOCALIZATION_PREFERS_STRING_CATALOGS = YES;
				MARKETING_VERSION = 1.0;
				MODULE_VERIFIER_SUPPORTED_LANGUAGES = "objective-c objective-c++";
				MODULE_VERIFIER_SUPPORTED_LANGUAGE_STANDARDS = "gnu17 gnu++20";
				PRODUCT_BUNDLE_IDENTIFIER = com.vanyamoo.EssentialFeediOS;
				PRODUCT_NAME = "$(TARGET_NAME:c99extidentifier)";
				SDKROOT = iphoneos;
				SKIP_INSTALL = YES;
				SWIFT_EMIT_LOC_STRINGS = YES;
				SWIFT_INSTALL_OBJC_HEADER = NO;
				SWIFT_VERSION = 5.0;
				TARGETED_DEVICE_FAMILY = "1,2";
				VALIDATE_PRODUCT = YES;
			};
			name = Release;
		};
		4E03E9C32D65070900717B0B /* Debug */ = {
			isa = XCBuildConfiguration;
			buildSettings = {
				CLANG_CXX_LANGUAGE_STANDARD = "gnu++20";
				CODE_SIGN_STYLE = Automatic;
				CURRENT_PROJECT_VERSION = 1;
				DEVELOPMENT_TEAM = HB939N9AUT;
				GCC_C_LANGUAGE_STANDARD = gnu17;
				GENERATE_INFOPLIST_FILE = YES;
				IPHONEOS_DEPLOYMENT_TARGET = 18.2;
				LOCALIZATION_PREFERS_STRING_CATALOGS = YES;
				MARKETING_VERSION = 1.0;
				PRODUCT_BUNDLE_IDENTIFIER = com.vanyamoo.EssentialFeediOSTests;
				PRODUCT_NAME = "$(TARGET_NAME)";
				SDKROOT = iphoneos;
				SWIFT_ACTIVE_COMPILATION_CONDITIONS = "DEBUG $(inherited)";
				SWIFT_EMIT_LOC_STRINGS = NO;
				SWIFT_VERSION = 5.0;
				TARGETED_DEVICE_FAMILY = "1,2";
			};
			name = Debug;
		};
		4E03E9C42D65070900717B0B /* Release */ = {
			isa = XCBuildConfiguration;
			buildSettings = {
				CLANG_CXX_LANGUAGE_STANDARD = "gnu++20";
				CODE_SIGN_STYLE = Automatic;
				CURRENT_PROJECT_VERSION = 1;
				DEVELOPMENT_TEAM = HB939N9AUT;
				GCC_C_LANGUAGE_STANDARD = gnu17;
				GENERATE_INFOPLIST_FILE = YES;
				IPHONEOS_DEPLOYMENT_TARGET = 18.2;
				LOCALIZATION_PREFERS_STRING_CATALOGS = YES;
				MARKETING_VERSION = 1.0;
				PRODUCT_BUNDLE_IDENTIFIER = com.vanyamoo.EssentialFeediOSTests;
				PRODUCT_NAME = "$(TARGET_NAME)";
				SDKROOT = iphoneos;
				SWIFT_EMIT_LOC_STRINGS = NO;
				SWIFT_VERSION = 5.0;
				TARGETED_DEVICE_FAMILY = "1,2";
				VALIDATE_PRODUCT = YES;
			};
			name = Release;
		};
		4E19239A2D5BAC1700891371 /* Debug */ = {
			isa = XCBuildConfiguration;
			buildSettings = {
				CLANG_CXX_LANGUAGE_STANDARD = "gnu++20";
				"CODE_SIGN_IDENTITY[sdk=macosx*]" = "Apple Development";
				CODE_SIGN_STYLE = Automatic;
				CURRENT_PROJECT_VERSION = 1;
				DEVELOPMENT_TEAM = HB939N9AUT;
				GCC_C_LANGUAGE_STANDARD = gnu17;
				GENERATE_INFOPLIST_FILE = YES;
				LOCALIZATION_PREFERS_STRING_CATALOGS = YES;
				MACOSX_DEPLOYMENT_TARGET = 15.1;
				MARKETING_VERSION = 1.0;
				PRODUCT_BUNDLE_IDENTIFIER = com.vanyamoo.EssentialFeedCacheIntegrationTests;
				PRODUCT_NAME = "$(TARGET_NAME)";
				SUPPORTED_PLATFORMS = "macosx iphoneos iphonesimulator";
				SWIFT_ACTIVE_COMPILATION_CONDITIONS = "DEBUG $(inherited)";
				SWIFT_EMIT_LOC_STRINGS = NO;
				SWIFT_VERSION = 5.0;
			};
			name = Debug;
		};
		4E19239B2D5BAC1700891371 /* Release */ = {
			isa = XCBuildConfiguration;
			buildSettings = {
				CLANG_CXX_LANGUAGE_STANDARD = "gnu++20";
				"CODE_SIGN_IDENTITY[sdk=macosx*]" = "Apple Development";
				CODE_SIGN_STYLE = Automatic;
				CURRENT_PROJECT_VERSION = 1;
				DEVELOPMENT_TEAM = HB939N9AUT;
				GCC_C_LANGUAGE_STANDARD = gnu17;
				GENERATE_INFOPLIST_FILE = YES;
				LOCALIZATION_PREFERS_STRING_CATALOGS = YES;
				MACOSX_DEPLOYMENT_TARGET = 15.1;
				MARKETING_VERSION = 1.0;
				PRODUCT_BUNDLE_IDENTIFIER = com.vanyamoo.EssentialFeedCacheIntegrationTests;
				PRODUCT_NAME = "$(TARGET_NAME)";
				SUPPORTED_PLATFORMS = "macosx iphoneos iphonesimulator";
				SWIFT_EMIT_LOC_STRINGS = NO;
				SWIFT_VERSION = 5.0;
			};
			name = Release;
		};
		4E3DF4B02D3AA33C009E413A /* Debug */ = {
			isa = XCBuildConfiguration;
			buildSettings = {
				CLANG_CXX_LANGUAGE_STANDARD = "gnu++20";
				CODE_SIGN_STYLE = Automatic;
				CURRENT_PROJECT_VERSION = 1;
				DEVELOPMENT_TEAM = HB939N9AUT;
				GCC_C_LANGUAGE_STANDARD = gnu17;
				GENERATE_INFOPLIST_FILE = YES;
				LOCALIZATION_PREFERS_STRING_CATALOGS = YES;
				MACOSX_DEPLOYMENT_TARGET = 15.1;
				MARKETING_VERSION = 1.0;
				PRODUCT_BUNDLE_IDENTIFIER = com.vanyamoo.EssentialFeedAPIEndToEndTests;
				PRODUCT_NAME = "$(TARGET_NAME)";
				SUPPORTED_PLATFORMS = "macosx iphoneos iphonesimulator";
				SWIFT_ACTIVE_COMPILATION_CONDITIONS = "DEBUG $(inherited)";
				SWIFT_EMIT_LOC_STRINGS = NO;
				SWIFT_VERSION = 5.0;
			};
			name = Debug;
		};
		4E3DF4B12D3AA33C009E413A /* Release */ = {
			isa = XCBuildConfiguration;
			buildSettings = {
				CLANG_CXX_LANGUAGE_STANDARD = "gnu++20";
				CODE_SIGN_STYLE = Automatic;
				CURRENT_PROJECT_VERSION = 1;
				DEVELOPMENT_TEAM = HB939N9AUT;
				GCC_C_LANGUAGE_STANDARD = gnu17;
				GENERATE_INFOPLIST_FILE = YES;
				LOCALIZATION_PREFERS_STRING_CATALOGS = YES;
				MACOSX_DEPLOYMENT_TARGET = 15.1;
				MARKETING_VERSION = 1.0;
				PRODUCT_BUNDLE_IDENTIFIER = com.vanyamoo.EssentialFeedAPIEndToEndTests;
				PRODUCT_NAME = "$(TARGET_NAME)";
				SUPPORTED_PLATFORMS = "macosx iphoneos iphonesimulator";
				SWIFT_EMIT_LOC_STRINGS = NO;
				SWIFT_VERSION = 5.0;
			};
			name = Release;
		};
/* End XCBuildConfiguration section */

/* Begin XCConfigurationList section */
		080EDEEB21B6DA7E00813479 /* Build configuration list for PBXProject "EssentialFeed" */ = {
			isa = XCConfigurationList;
			buildConfigurations = (
				080EDF0321B6DA7E00813479 /* Debug */,
				080EDF0421B6DA7E00813479 /* Release */,
			);
			defaultConfigurationIsVisible = 0;
			defaultConfigurationName = Release;
		};
		080EDF0521B6DA7E00813479 /* Build configuration list for PBXNativeTarget "EssentialFeed" */ = {
			isa = XCConfigurationList;
			buildConfigurations = (
				080EDF0621B6DA7E00813479 /* Debug */,
				080EDF0721B6DA7E00813479 /* Release */,
			);
			defaultConfigurationIsVisible = 0;
			defaultConfigurationName = Release;
		};
		080EDF0821B6DA7E00813479 /* Build configuration list for PBXNativeTarget "EssentialFeedTests" */ = {
			isa = XCConfigurationList;
			buildConfigurations = (
				080EDF0921B6DA7E00813479 /* Debug */,
				080EDF0A21B6DA7E00813479 /* Release */,
			);
			defaultConfigurationIsVisible = 0;
			defaultConfigurationName = Release;
		};
		4E03E9BF2D65070900717B0B /* Build configuration list for PBXNativeTarget "EssentialFeediOS" */ = {
			isa = XCConfigurationList;
			buildConfigurations = (
				4E03E9C02D65070900717B0B /* Debug */,
				4E03E9C12D65070900717B0B /* Release */,
			);
			defaultConfigurationIsVisible = 0;
			defaultConfigurationName = Release;
		};
		4E03E9C22D65070900717B0B /* Build configuration list for PBXNativeTarget "EssentialFeediOSTests" */ = {
			isa = XCConfigurationList;
			buildConfigurations = (
				4E03E9C32D65070900717B0B /* Debug */,
				4E03E9C42D65070900717B0B /* Release */,
			);
			defaultConfigurationIsVisible = 0;
			defaultConfigurationName = Release;
		};
		4E19239C2D5BAC1700891371 /* Build configuration list for PBXNativeTarget "EssentialFeedCacheIntegrationTests" */ = {
			isa = XCConfigurationList;
			buildConfigurations = (
				4E19239A2D5BAC1700891371 /* Debug */,
				4E19239B2D5BAC1700891371 /* Release */,
			);
			defaultConfigurationIsVisible = 0;
			defaultConfigurationName = Release;
		};
		4E3DF4AF2D3AA33C009E413A /* Build configuration list for PBXNativeTarget "EssentialFeedAPIEndToEndTests" */ = {
			isa = XCConfigurationList;
			buildConfigurations = (
				4E3DF4B02D3AA33C009E413A /* Debug */,
				4E3DF4B12D3AA33C009E413A /* Release */,
			);
			defaultConfigurationIsVisible = 0;
			defaultConfigurationName = Release;
		};
/* End XCConfigurationList section */
	};
	rootObject = 080EDEE821B6DA7E00813479 /* Project object */;
}
