// !$*UTF8*$!
{
	archiveVersion = 1;
	classes = {
	};
	objectVersion = 77;
	objects = {

/* Begin PBXBuildFile section */
		4E2381C82D9C21200073AB91 /* EssentialFeed.framework in Frameworks */ = {isa = PBXBuildFile; fileRef = 4E2381C62D9C21200073AB91 /* EssentialFeed.framework */; };
		4E2381C92D9C21200073AB91 /* EssentialFeed.framework in Embed Frameworks */ = {isa = PBXBuildFile; fileRef = 4E2381C62D9C21200073AB91 /* EssentialFeed.framework */; settings = {ATTRIBUTES = (CodeSignOnCopy, RemoveHeadersOnCopy, ); }; };
		4E2381CA2D9C21200073AB91 /* EssentialFeediOS.framework in Frameworks */ = {isa = PBXBuildFile; fileRef = 4E2381C72D9C21200073AB91 /* EssentialFeediOS.framework */; };
		4E2381CB2D9C21200073AB91 /* EssentialFeediOS.framework in Embed Frameworks */ = {isa = PBXBuildFile; fileRef = 4E2381C72D9C21200073AB91 /* EssentialFeediOS.framework */; settings = {ATTRIBUTES = (CodeSignOnCopy, RemoveHeadersOnCopy, ); }; };
/* End PBXBuildFile section */

/* Begin PBXContainerItemProxy section */
		4E2382022DA007BE0073AB91 /* PBXContainerItemProxy */ = {
			isa = PBXContainerItemProxy;
			containerPortal = 4EB98C8D2D9C1C210048F8AC /* Project object */;
			proxyType = 1;
			remoteGlobalIDString = 4EB98C942D9C1C210048F8AC;
			remoteInfo = EssentialApp;
		};
		4EB98CAC2D9C1C230048F8AC /* PBXContainerItemProxy */ = {
			isa = PBXContainerItemProxy;
			containerPortal = 4EB98C8D2D9C1C210048F8AC /* Project object */;
			proxyType = 1;
			remoteGlobalIDString = 4EB98C942D9C1C210048F8AC;
			remoteInfo = EssentialApp;
		};
/* End PBXContainerItemProxy section */

/* Begin PBXCopyFilesBuildPhase section */
		4E2381CC2D9C21200073AB91 /* Embed Frameworks */ = {
			isa = PBXCopyFilesBuildPhase;
			buildActionMask = 2147483647;
			dstPath = "";
			dstSubfolderSpec = 10;
			files = (
				4E2381C92D9C21200073AB91 /* EssentialFeed.framework in Embed Frameworks */,
				4E2381CB2D9C21200073AB91 /* EssentialFeediOS.framework in Embed Frameworks */,
			);
			name = "Embed Frameworks";
			runOnlyForDeploymentPostprocessing = 0;
		};
/* End PBXCopyFilesBuildPhase section */

/* Begin PBXFileReference section */
		4E2381C62D9C21200073AB91 /* EssentialFeed.framework */ = {isa = PBXFileReference; explicitFileType = wrapper.framework; path = EssentialFeed.framework; sourceTree = BUILT_PRODUCTS_DIR; };
		4E2381C72D9C21200073AB91 /* EssentialFeediOS.framework */ = {isa = PBXFileReference; explicitFileType = wrapper.framework; path = EssentialFeediOS.framework; sourceTree = BUILT_PRODUCTS_DIR; };
		4E2381FC2DA007BE0073AB91 /* EssentialAppUIAcceptanceTests.xctest */ = {isa = PBXFileReference; explicitFileType = wrapper.cfbundle; includeInIndex = 0; path = EssentialAppUIAcceptanceTests.xctest; sourceTree = BUILT_PRODUCTS_DIR; };
		4EB98C952D9C1C210048F8AC /* EssentialApp.app */ = {isa = PBXFileReference; explicitFileType = wrapper.application; includeInIndex = 0; path = EssentialApp.app; sourceTree = BUILT_PRODUCTS_DIR; };
		4EB98CAB2D9C1C230048F8AC /* EssentialAppTests.xctest */ = {isa = PBXFileReference; explicitFileType = wrapper.cfbundle; includeInIndex = 0; path = EssentialAppTests.xctest; sourceTree = BUILT_PRODUCTS_DIR; };
/* End PBXFileReference section */

/* Begin PBXFileSystemSynchronizedBuildFileExceptionSet section */
		4EB98CBD2D9C1C230048F8AC /* Exceptions for "EssentialApp" folder in "EssentialApp" target */ = {
			isa = PBXFileSystemSynchronizedBuildFileExceptionSet;
			membershipExceptions = (
				Info.plist,
			);
			target = 4EB98C942D9C1C210048F8AC /* EssentialApp */;
		};
/* End PBXFileSystemSynchronizedBuildFileExceptionSet section */

/* Begin PBXFileSystemSynchronizedRootGroup section */
		4E2381FD2DA007BE0073AB91 /* EssentialAppUIAcceptanceTests */ = {
			isa = PBXFileSystemSynchronizedRootGroup;
			path = EssentialAppUIAcceptanceTests;
			sourceTree = "<group>";
		};
		4EB98C972D9C1C210048F8AC /* EssentialApp */ = {
			isa = PBXFileSystemSynchronizedRootGroup;
			exceptions = (
				4EB98CBD2D9C1C230048F8AC /* Exceptions for "EssentialApp" folder in "EssentialApp" target */,
			);
			path = EssentialApp;
			sourceTree = "<group>";
		};
		4EB98CAE2D9C1C230048F8AC /* EssentialAppTests */ = {
			isa = PBXFileSystemSynchronizedRootGroup;
			path = EssentialAppTests;
			sourceTree = "<group>";
		};
/* End PBXFileSystemSynchronizedRootGroup section */

/* Begin PBXFrameworksBuildPhase section */
		4E2381F92DA007BE0073AB91 /* Frameworks */ = {
			isa = PBXFrameworksBuildPhase;
			buildActionMask = 2147483647;
			files = (
			);
			runOnlyForDeploymentPostprocessing = 0;
		};
		4EB98C922D9C1C210048F8AC /* Frameworks */ = {
			isa = PBXFrameworksBuildPhase;
			buildActionMask = 2147483647;
			files = (
				4E2381C82D9C21200073AB91 /* EssentialFeed.framework in Frameworks */,
				4E2381CA2D9C21200073AB91 /* EssentialFeediOS.framework in Frameworks */,
			);
			runOnlyForDeploymentPostprocessing = 0;
		};
		4EB98CA82D9C1C230048F8AC /* Frameworks */ = {
			isa = PBXFrameworksBuildPhase;
			buildActionMask = 2147483647;
			files = (
			);
			runOnlyForDeploymentPostprocessing = 0;
		};
/* End PBXFrameworksBuildPhase section */

/* Begin PBXGroup section */
		4E2381C52D9C21200073AB91 /* Frameworks */ = {
			isa = PBXGroup;
			children = (
				4E2381C62D9C21200073AB91 /* EssentialFeed.framework */,
				4E2381C72D9C21200073AB91 /* EssentialFeediOS.framework */,
			);
			name = Frameworks;
			sourceTree = "<group>";
		};
		4EB98C8C2D9C1C210048F8AC = {
			isa = PBXGroup;
			children = (
				4EB98C972D9C1C210048F8AC /* EssentialApp */,
				4EB98CAE2D9C1C230048F8AC /* EssentialAppTests */,
				4E2381FD2DA007BE0073AB91 /* EssentialAppUIAcceptanceTests */,
				4E2381C52D9C21200073AB91 /* Frameworks */,
				4EB98C962D9C1C210048F8AC /* Products */,
			);
			sourceTree = "<group>";
		};
		4EB98C962D9C1C210048F8AC /* Products */ = {
			isa = PBXGroup;
			children = (
				4EB98C952D9C1C210048F8AC /* EssentialApp.app */,
				4EB98CAB2D9C1C230048F8AC /* EssentialAppTests.xctest */,
				4E2381FC2DA007BE0073AB91 /* EssentialAppUIAcceptanceTests.xctest */,
			);
			name = Products;
			sourceTree = "<group>";
		};
/* End PBXGroup section */

/* Begin PBXNativeTarget section */
		4E2381FB2DA007BE0073AB91 /* EssentialAppUIAcceptanceTests */ = {
			isa = PBXNativeTarget;
			buildConfigurationList = 4E2382042DA007BE0073AB91 /* Build configuration list for PBXNativeTarget "EssentialAppUIAcceptanceTests" */;
			buildPhases = (
				4E2381F82DA007BE0073AB91 /* Sources */,
				4E2381F92DA007BE0073AB91 /* Frameworks */,
				4E2381FA2DA007BE0073AB91 /* Resources */,
			);
			buildRules = (
			);
			dependencies = (
				4E2382032DA007BE0073AB91 /* PBXTargetDependency */,
			);
			fileSystemSynchronizedGroups = (
				4E2381FD2DA007BE0073AB91 /* EssentialAppUIAcceptanceTests */,
			);
			name = EssentialAppUIAcceptanceTests;
			packageProductDependencies = (
			);
			productName = EssentialAppUIAcceptanceTests;
			productReference = 4E2381FC2DA007BE0073AB91 /* EssentialAppUIAcceptanceTests.xctest */;
			productType = "com.apple.product-type.bundle.ui-testing";
		};
		4EB98C942D9C1C210048F8AC /* EssentialApp */ = {
			isa = PBXNativeTarget;
			buildConfigurationList = 4EB98CBE2D9C1C230048F8AC /* Build configuration list for PBXNativeTarget "EssentialApp" */;
			buildPhases = (
				4EB98C912D9C1C210048F8AC /* Sources */,
				4EB98C922D9C1C210048F8AC /* Frameworks */,
				4EB98C932D9C1C210048F8AC /* Resources */,
				4E2381CC2D9C21200073AB91 /* Embed Frameworks */,
			);
			buildRules = (
			);
			dependencies = (
			);
			fileSystemSynchronizedGroups = (
				4EB98C972D9C1C210048F8AC /* EssentialApp */,
			);
			name = EssentialApp;
			packageProductDependencies = (
			);
			productName = EssentialApp;
			productReference = 4EB98C952D9C1C210048F8AC /* EssentialApp.app */;
			productType = "com.apple.product-type.application";
		};
		4EB98CAA2D9C1C230048F8AC /* EssentialAppTests */ = {
			isa = PBXNativeTarget;
			buildConfigurationList = 4EB98CC32D9C1C230048F8AC /* Build configuration list for PBXNativeTarget "EssentialAppTests" */;
			buildPhases = (
				4EB98CA72D9C1C230048F8AC /* Sources */,
				4EB98CA82D9C1C230048F8AC /* Frameworks */,
				4EB98CA92D9C1C230048F8AC /* Resources */,
			);
			buildRules = (
			);
			dependencies = (
				4EB98CAD2D9C1C230048F8AC /* PBXTargetDependency */,
			);
			fileSystemSynchronizedGroups = (
				4EB98CAE2D9C1C230048F8AC /* EssentialAppTests */,
			);
			name = EssentialAppTests;
			packageProductDependencies = (
			);
			productName = EssentialAppTests;
			productReference = 4EB98CAB2D9C1C230048F8AC /* EssentialAppTests.xctest */;
			productType = "com.apple.product-type.bundle.unit-test";
		};
/* End PBXNativeTarget section */

/* Begin PBXProject section */
		4EB98C8D2D9C1C210048F8AC /* Project object */ = {
			isa = PBXProject;
			attributes = {
				BuildIndependentTargetsInParallel = 1;
				LastSwiftUpdateCheck = 1620;
				LastUpgradeCheck = 1620;
				TargetAttributes = {
					4E2381FB2DA007BE0073AB91 = {
						CreatedOnToolsVersion = 16.2;
						TestTargetID = 4EB98C942D9C1C210048F8AC;
					};
					4EB98C942D9C1C210048F8AC = {
						CreatedOnToolsVersion = 16.2;
					};
					4EB98CAA2D9C1C230048F8AC = {
						CreatedOnToolsVersion = 16.2;
						TestTargetID = 4EB98C942D9C1C210048F8AC;
					};
				};
			};
			buildConfigurationList = 4EB98C902D9C1C210048F8AC /* Build configuration list for PBXProject "EssentialApp" */;
			developmentRegion = en;
			hasScannedForEncodings = 0;
			knownRegions = (
				en,
				Base,
			);
			mainGroup = 4EB98C8C2D9C1C210048F8AC;
			minimizedProjectReferenceProxies = 1;
			preferredProjectObjectVersion = 77;
			productRefGroup = 4EB98C962D9C1C210048F8AC /* Products */;
			projectDirPath = "";
			projectRoot = "";
			targets = (
				4EB98C942D9C1C210048F8AC /* EssentialApp */,
				4EB98CAA2D9C1C230048F8AC /* EssentialAppTests */,
				4E2381FB2DA007BE0073AB91 /* EssentialAppUIAcceptanceTests */,
			);
		};
/* End PBXProject section */

/* Begin PBXResourcesBuildPhase section */
		4E2381FA2DA007BE0073AB91 /* Resources */ = {
			isa = PBXResourcesBuildPhase;
			buildActionMask = 2147483647;
			files = (
			);
			runOnlyForDeploymentPostprocessing = 0;
		};
		4EB98C932D9C1C210048F8AC /* Resources */ = {
			isa = PBXResourcesBuildPhase;
			buildActionMask = 2147483647;
			files = (
			);
			runOnlyForDeploymentPostprocessing = 0;
		};
		4EB98CA92D9C1C230048F8AC /* Resources */ = {
			isa = PBXResourcesBuildPhase;
			buildActionMask = 2147483647;
			files = (
			);
			runOnlyForDeploymentPostprocessing = 0;
		};
/* End PBXResourcesBuildPhase section */

/* Begin PBXSourcesBuildPhase section */
		4E2381F82DA007BE0073AB91 /* Sources */ = {
			isa = PBXSourcesBuildPhase;
			buildActionMask = 2147483647;
			files = (
			);
			runOnlyForDeploymentPostprocessing = 0;
		};
		4EB98C912D9C1C210048F8AC /* Sources */ = {
			isa = PBXSourcesBuildPhase;
			buildActionMask = 2147483647;
			files = (
			);
			runOnlyForDeploymentPostprocessing = 0;
		};
		4EB98CA72D9C1C230048F8AC /* Sources */ = {
			isa = PBXSourcesBuildPhase;
			buildActionMask = 2147483647;
			files = (
			);
			runOnlyForDeploymentPostprocessing = 0;
		};
/* End PBXSourcesBuildPhase section */

/* Begin PBXTargetDependency section */
		4E2382032DA007BE0073AB91 /* PBXTargetDependency */ = {
			isa = PBXTargetDependency;
			target = 4EB98C942D9C1C210048F8AC /* EssentialApp */;
			targetProxy = 4E2382022DA007BE0073AB91 /* PBXContainerItemProxy */;
		};
		4EB98CAD2D9C1C230048F8AC /* PBXTargetDependency */ = {
			isa = PBXTargetDependency;
			target = 4EB98C942D9C1C210048F8AC /* EssentialApp */;
			targetProxy = 4EB98CAC2D9C1C230048F8AC /* PBXContainerItemProxy */;
		};
/* End PBXTargetDependency section */

/* Begin XCBuildConfiguration section */
		4E2382052DA007BE0073AB91 /* Debug */ = {
			isa = XCBuildConfiguration;
			buildSettings = {
				CODE_SIGN_STYLE = Automatic;
				CURRENT_PROJECT_VERSION = 1;
				DEVELOPMENT_TEAM = HB939N9AUT;
				GENERATE_INFOPLIST_FILE = YES;
				MARKETING_VERSION = 1.0;
				PRODUCT_BUNDLE_IDENTIFIER = com.vanyamoo.EssentialAppUIAcceptanceTests;
				PRODUCT_NAME = "$(TARGET_NAME)";
				SWIFT_EMIT_LOC_STRINGS = NO;
				SWIFT_VERSION = 5.0;
				TARGETED_DEVICE_FAMILY = "1,2";
				TEST_TARGET_NAME = EssentialApp;
			};
			name = Debug;
		};
		4E2382062DA007BE0073AB91 /* Release */ = {
			isa = XCBuildConfiguration;
			buildSettings = {
				CODE_SIGN_STYLE = Automatic;
				CURRENT_PROJECT_VERSION = 1;
				DEVELOPMENT_TEAM = HB939N9AUT;
				GENERATE_INFOPLIST_FILE = YES;
				MARKETING_VERSION = 1.0;
				PRODUCT_BUNDLE_IDENTIFIER = com.vanyamoo.EssentialAppUIAcceptanceTests;
				PRODUCT_NAME = "$(TARGET_NAME)";
				SWIFT_EMIT_LOC_STRINGS = NO;
				SWIFT_VERSION = 5.0;
				TARGETED_DEVICE_FAMILY = "1,2";
				TEST_TARGET_NAME = EssentialApp;
			};
			name = Release;
		};
		4EB98CBF2D9C1C230048F8AC /* Debug */ = {
			isa = XCBuildConfiguration;
			buildSettings = {
				ASSETCATALOG_COMPILER_APPICON_NAME = AppIcon;
				ASSETCATALOG_COMPILER_GLOBAL_ACCENT_COLOR_NAME = AccentColor;
				CODE_SIGN_STYLE = Automatic;
				CURRENT_PROJECT_VERSION = 1;
				DEVELOPMENT_TEAM = HB939N9AUT;
				GENERATE_INFOPLIST_FILE = YES;
				INFOPLIST_FILE = EssentialApp/Info.plist;
				INFOPLIST_KEY_UIApplicationSupportsIndirectInputEvents = YES;
				INFOPLIST_KEY_UILaunchStoryboardName = LaunchScreen;
				INFOPLIST_KEY_UIMainStoryboardFile = Main;
				INFOPLIST_KEY_UISupportedInterfaceOrientations = UIInterfaceOrientationPortrait;
				LD_RUNPATH_SEARCH_PATHS = (
					"$(inherited)",
					"@executable_path/Frameworks",
				);
				MARKETING_VERSION = 1.0;
				PRODUCT_BUNDLE_IDENTIFIER = com.vanyamoo.EssentialApp;
				PRODUCT_NAME = "$(TARGET_NAME)";
				SWIFT_EMIT_LOC_STRINGS = YES;
				SWIFT_VERSION = 5.0;
				TARGETED_DEVICE_FAMILY = "1,2";
			};
			name = Debug;
		};
		4EB98CC02D9C1C230048F8AC /* Release */ = {
			isa = XCBuildConfiguration;
			buildSettings = {
				ASSETCATALOG_COMPILER_APPICON_NAME = AppIcon;
				ASSETCATALOG_COMPILER_GLOBAL_ACCENT_COLOR_NAME = AccentColor;
				CODE_SIGN_STYLE = Automatic;
				CURRENT_PROJECT_VERSION = 1;
				DEVELOPMENT_TEAM = HB939N9AUT;
				GENERATE_INFOPLIST_FILE = YES;
				INFOPLIST_FILE = EssentialApp/Info.plist;
				INFOPLIST_KEY_UIApplicationSupportsIndirectInputEvents = YES;
				INFOPLIST_KEY_UILaunchStoryboardName = LaunchScreen;
				INFOPLIST_KEY_UIMainStoryboardFile = Main;
				INFOPLIST_KEY_UISupportedInterfaceOrientations = UIInterfaceOrientationPortrait;
				LD_RUNPATH_SEARCH_PATHS = (
					"$(inherited)",
					"@executable_path/Frameworks",
				);
				MARKETING_VERSION = 1.0;
				PRODUCT_BUNDLE_IDENTIFIER = com.vanyamoo.EssentialApp;
				PRODUCT_NAME = "$(TARGET_NAME)";
				SWIFT_EMIT_LOC_STRINGS = YES;
				SWIFT_VERSION = 5.0;
				TARGETED_DEVICE_FAMILY = "1,2";
			};
			name = Release;
		};
		4EB98CC12D9C1C230048F8AC /* Debug */ = {
			isa = XCBuildConfiguration;
			buildSettings = {
				ALWAYS_SEARCH_USER_PATHS = NO;
				ASSETCATALOG_COMPILER_GENERATE_SWIFT_ASSET_SYMBOL_EXTENSIONS = YES;
				CLANG_ANALYZER_NONNULL = YES;
				CLANG_ANALYZER_NUMBER_OBJECT_CONVERSION = YES_AGGRESSIVE;
				CLANG_CXX_LANGUAGE_STANDARD = "gnu++20";
				CLANG_ENABLE_MODULES = YES;
				CLANG_ENABLE_OBJC_ARC = YES;
				CLANG_ENABLE_OBJC_WEAK = YES;
				CLANG_WARN_BLOCK_CAPTURE_AUTORELEASING = YES;
				CLANG_WARN_BOOL_CONVERSION = YES;
				CLANG_WARN_COMMA = YES;
				CLANG_WARN_CONSTANT_CONVERSION = YES;
				CLANG_WARN_DEPRECATED_OBJC_IMPLEMENTATIONS = YES;
				CLANG_WARN_DIRECT_OBJC_ISA_USAGE = YES_ERROR;
				CLANG_WARN_DOCUMENTATION_COMMENTS = YES;
				CLANG_WARN_EMPTY_BODY = YES;
				CLANG_WARN_ENUM_CONVERSION = YES;
				CLANG_WARN_INFINITE_RECURSION = YES;
				CLANG_WARN_INT_CONVERSION = YES;
				CLANG_WARN_NON_LITERAL_NULL_CONVERSION = YES;
				CLANG_WARN_OBJC_IMPLICIT_RETAIN_SELF = YES;
				CLANG_WARN_OBJC_LITERAL_CONVERSION = YES;
				CLANG_WARN_OBJC_ROOT_CLASS = YES_ERROR;
				CLANG_WARN_QUOTED_INCLUDE_IN_FRAMEWORK_HEADER = YES;
				CLANG_WARN_RANGE_LOOP_ANALYSIS = YES;
				CLANG_WARN_STRICT_PROTOTYPES = YES;
				CLANG_WARN_SUSPICIOUS_MOVE = YES;
				CLANG_WARN_UNGUARDED_AVAILABILITY = YES_AGGRESSIVE;
				CLANG_WARN_UNREACHABLE_CODE = YES;
				CLANG_WARN__DUPLICATE_METHOD_MATCH = YES;
				COPY_PHASE_STRIP = NO;
				DEBUG_INFORMATION_FORMAT = dwarf;
				ENABLE_STRICT_OBJC_MSGSEND = YES;
				ENABLE_TESTABILITY = YES;
				ENABLE_USER_SCRIPT_SANDBOXING = YES;
				GCC_C_LANGUAGE_STANDARD = gnu17;
				GCC_DYNAMIC_NO_PIC = NO;
				GCC_NO_COMMON_BLOCKS = YES;
				GCC_OPTIMIZATION_LEVEL = 0;
				GCC_PREPROCESSOR_DEFINITIONS = (
					"DEBUG=1",
					"$(inherited)",
				);
				GCC_WARN_64_TO_32_BIT_CONVERSION = YES;
				GCC_WARN_ABOUT_RETURN_TYPE = YES_ERROR;
				GCC_WARN_UNDECLARED_SELECTOR = YES;
				GCC_WARN_UNINITIALIZED_AUTOS = YES_AGGRESSIVE;
				GCC_WARN_UNUSED_FUNCTION = YES;
				GCC_WARN_UNUSED_VARIABLE = YES;
				IPHONEOS_DEPLOYMENT_TARGET = 18.2;
				LOCALIZATION_PREFERS_STRING_CATALOGS = YES;
				MTL_ENABLE_DEBUG_INFO = INCLUDE_SOURCE;
				MTL_FAST_MATH = YES;
				ONLY_ACTIVE_ARCH = YES;
				SDKROOT = iphoneos;
				SWIFT_ACTIVE_COMPILATION_CONDITIONS = "DEBUG $(inherited)";
				SWIFT_OPTIMIZATION_LEVEL = "-Onone";
			};
			name = Debug;
		};
		4EB98CC22D9C1C230048F8AC /* Release */ = {
			isa = XCBuildConfiguration;
			buildSettings = {
				ALWAYS_SEARCH_USER_PATHS = NO;
				ASSETCATALOG_COMPILER_GENERATE_SWIFT_ASSET_SYMBOL_EXTENSIONS = YES;
				CLANG_ANALYZER_NONNULL = YES;
				CLANG_ANALYZER_NUMBER_OBJECT_CONVERSION = YES_AGGRESSIVE;
				CLANG_CXX_LANGUAGE_STANDARD = "gnu++20";
				CLANG_ENABLE_MODULES = YES;
				CLANG_ENABLE_OBJC_ARC = YES;
				CLANG_ENABLE_OBJC_WEAK = YES;
				CLANG_WARN_BLOCK_CAPTURE_AUTORELEASING = YES;
				CLANG_WARN_BOOL_CONVERSION = YES;
				CLANG_WARN_COMMA = YES;
				CLANG_WARN_CONSTANT_CONVERSION = YES;
				CLANG_WARN_DEPRECATED_OBJC_IMPLEMENTATIONS = YES;
				CLANG_WARN_DIRECT_OBJC_ISA_USAGE = YES_ERROR;
				CLANG_WARN_DOCUMENTATION_COMMENTS = YES;
				CLANG_WARN_EMPTY_BODY = YES;
				CLANG_WARN_ENUM_CONVERSION = YES;
				CLANG_WARN_INFINITE_RECURSION = YES;
				CLANG_WARN_INT_CONVERSION = YES;
				CLANG_WARN_NON_LITERAL_NULL_CONVERSION = YES;
				CLANG_WARN_OBJC_IMPLICIT_RETAIN_SELF = YES;
				CLANG_WARN_OBJC_LITERAL_CONVERSION = YES;
				CLANG_WARN_OBJC_ROOT_CLASS = YES_ERROR;
				CLANG_WARN_QUOTED_INCLUDE_IN_FRAMEWORK_HEADER = YES;
				CLANG_WARN_RANGE_LOOP_ANALYSIS = YES;
				CLANG_WARN_STRICT_PROTOTYPES = YES;
				CLANG_WARN_SUSPICIOUS_MOVE = YES;
				CLANG_WARN_UNGUARDED_AVAILABILITY = YES_AGGRESSIVE;
				CLANG_WARN_UNREACHABLE_CODE = YES;
				CLANG_WARN__DUPLICATE_METHOD_MATCH = YES;
				COPY_PHASE_STRIP = NO;
				DEBUG_INFORMATION_FORMAT = "dwarf-with-dsym";
				ENABLE_NS_ASSERTIONS = NO;
				ENABLE_STRICT_OBJC_MSGSEND = YES;
				ENABLE_USER_SCRIPT_SANDBOXING = YES;
				GCC_C_LANGUAGE_STANDARD = gnu17;
				GCC_NO_COMMON_BLOCKS = YES;
				GCC_WARN_64_TO_32_BIT_CONVERSION = YES;
				GCC_WARN_ABOUT_RETURN_TYPE = YES_ERROR;
				GCC_WARN_UNDECLARED_SELECTOR = YES;
				GCC_WARN_UNINITIALIZED_AUTOS = YES_AGGRESSIVE;
				GCC_WARN_UNUSED_FUNCTION = YES;
				GCC_WARN_UNUSED_VARIABLE = YES;
				IPHONEOS_DEPLOYMENT_TARGET = 18.2;
				LOCALIZATION_PREFERS_STRING_CATALOGS = YES;
				MTL_ENABLE_DEBUG_INFO = NO;
				MTL_FAST_MATH = YES;
				SDKROOT = iphoneos;
				SWIFT_COMPILATION_MODE = wholemodule;
				VALIDATE_PRODUCT = YES;
			};
			name = Release;
		};
		4EB98CC42D9C1C230048F8AC /* Debug */ = {
			isa = XCBuildConfiguration;
			buildSettings = {
				BUNDLE_LOADER = "$(TEST_HOST)";
				CODE_SIGN_STYLE = Automatic;
				CURRENT_PROJECT_VERSION = 1;
				DEVELOPMENT_TEAM = HB939N9AUT;
				GENERATE_INFOPLIST_FILE = YES;
				IPHONEOS_DEPLOYMENT_TARGET = 18.2;
				MARKETING_VERSION = 1.0;
				PRODUCT_BUNDLE_IDENTIFIER = com.vanyamoo.EssentialAppTests;
				PRODUCT_NAME = "$(TARGET_NAME)";
				SWIFT_EMIT_LOC_STRINGS = NO;
				SWIFT_VERSION = 5.0;
				TARGETED_DEVICE_FAMILY = "1,2";
				TEST_HOST = "$(BUILT_PRODUCTS_DIR)/EssentialApp.app/$(BUNDLE_EXECUTABLE_FOLDER_PATH)/EssentialApp";
			};
			name = Debug;
		};
		4EB98CC52D9C1C230048F8AC /* Release */ = {
			isa = XCBuildConfiguration;
			buildSettings = {
				BUNDLE_LOADER = "$(TEST_HOST)";
				CODE_SIGN_STYLE = Automatic;
				CURRENT_PROJECT_VERSION = 1;
				DEVELOPMENT_TEAM = HB939N9AUT;
				GENERATE_INFOPLIST_FILE = YES;
				IPHONEOS_DEPLOYMENT_TARGET = 18.2;
				MARKETING_VERSION = 1.0;
				PRODUCT_BUNDLE_IDENTIFIER = com.vanyamoo.EssentialAppTests;
				PRODUCT_NAME = "$(TARGET_NAME)";
				SWIFT_EMIT_LOC_STRINGS = NO;
				SWIFT_VERSION = 5.0;
				TARGETED_DEVICE_FAMILY = "1,2";
				TEST_HOST = "$(BUILT_PRODUCTS_DIR)/EssentialApp.app/$(BUNDLE_EXECUTABLE_FOLDER_PATH)/EssentialApp";
			};
			name = Release;
		};
/* End XCBuildConfiguration section */

/* Begin XCConfigurationList section */
		4E2382042DA007BE0073AB91 /* Build configuration list for PBXNativeTarget "EssentialAppUIAcceptanceTests" */ = {
			isa = XCConfigurationList;
			buildConfigurations = (
				4E2382052DA007BE0073AB91 /* Debug */,
				4E2382062DA007BE0073AB91 /* Release */,
			);
			defaultConfigurationIsVisible = 0;
			defaultConfigurationName = Release;
		};
		4EB98C902D9C1C210048F8AC /* Build configuration list for PBXProject "EssentialApp" */ = {
			isa = XCConfigurationList;
			buildConfigurations = (
				4EB98CC12D9C1C230048F8AC /* Debug */,
				4EB98CC22D9C1C230048F8AC /* Release */,
			);
			defaultConfigurationIsVisible = 0;
			defaultConfigurationName = Release;
		};
		4EB98CBE2D9C1C230048F8AC /* Build configuration list for PBXNativeTarget "EssentialApp" */ = {
			isa = XCConfigurationList;
			buildConfigurations = (
				4EB98CBF2D9C1C230048F8AC /* Debug */,
				4EB98CC02D9C1C230048F8AC /* Release */,
			);
			defaultConfigurationIsVisible = 0;
			defaultConfigurationName = Release;
		};
		4EB98CC32D9C1C230048F8AC /* Build configuration list for PBXNativeTarget "EssentialAppTests" */ = {
			isa = XCConfigurationList;
			buildConfigurations = (
				4EB98CC42D9C1C230048F8AC /* Debug */,
				4EB98CC52D9C1C230048F8AC /* Release */,
			);
			defaultConfigurationIsVisible = 0;
			defaultConfigurationName = Release;
		};
/* End XCConfigurationList section */
	};
	rootObject = 4EB98C8D2D9C1C210048F8AC /* Project object */;
}
